PODS:
  - Alamofire (4.7.2)
  - Crashlytics (3.10.0):
    - Fabric (~> 1.7.3)
  - Fabric (1.7.7)
  - GoogleMaps (2.7.0):
    - GoogleMaps/Maps (= 2.7.0)
  - GoogleMaps/Base (2.7.0)
  - GoogleMaps/Maps (2.7.0):
    - GoogleMaps/Base
  - SDWebImage (4.4.2):
    - SDWebImage/Core (= 4.4.2)
  - SDWebImage/Core (4.4.2)

DEPENDENCIES:
  - Alamofire (~> 4.7)
  - Crashlytics (= 3.10)
  - Fabric
  - GoogleMaps
  - SDWebImage (~> 4.0)

SPEC REPOS:
  https://github.com/CocoaPods/Specs.git:
    - Alamofire
    - Crashlytics
    - Fabric
    - GoogleMaps
    - SDWebImage

SPEC CHECKSUMS:
  Alamofire: e4fa87002c137ba2d8d634d2c51fabcda0d5c223
  Crashlytics: a989ef242b66605577a425733797f810bd2725eb
  Fabric: bda89e242bce1b7b8ab264248cf3407774ce0095
  GoogleMaps: f79af95cb24d869457b1f961c93d3ce8b2f3b848
  SDWebImage: 624d6e296c69b244bcede364c72ae0430ac14681

PODFILE CHECKSUM: c5a05019fa294f1b8163efb1bc8755012f77f5c6

COCOAPODS: 1.5.0
