// !$*UTF8*$!
{
	archiveVersion = 1;
	classes = {
	};
	objectVersion = 50;
	objects = {

/* Begin PBXBuildFile section */
		10EA25F1696796FDDB9B648E /* Pods_ESR.framework in Frameworks */ = {isa = PBXBuildFile; fileRef = EBD932D29D0473CA455A5CCA /* Pods_ESR.framework */; };
		30181CC4211D95B60067D65F /* AppDelegate.swift in Sources */ = {isa = PBXBuildFile; fileRef = 30181CC3211D95B60067D65F /* AppDelegate.swift */; };
		30181CC9211D95B60067D65F /* Main.storyboard in Resources */ = {isa = PBXBuildFile; fileRef = 30181CC7211D95B60067D65F /* Main.storyboard */; };
		30181CCB211D95B80067D65F /* Assets.xcassets in Resources */ = {isa = PBXBuildFile; fileRef = 30181CCA211D95B80067D65F /* Assets.xcassets */; };
		30181CCE211D95B80067D65F /* LaunchScreen.storyboard in Resources */ = {isa = PBXBuildFile; fileRef = 30181CCC211D95B80067D65F /* LaunchScreen.storyboard */; };
		30181CD9211D98720067D65F /* SuperViewController.swift in Sources */ = {isa = PBXBuildFile; fileRef = 30181CD8211D98720067D65F /* SuperViewController.swift */; };
		30181CDD211D99F50067D65F /* AppConstantsList.swift in Sources */ = {isa = PBXBuildFile; fileRef = 30181CDC211D99F50067D65F /* AppConstantsList.swift */; };
		30181CDF211D9DFF0067D65F /* ApplicationData.swift in Sources */ = {isa = PBXBuildFile; fileRef = 30181CDE211D9DFF0067D65F /* ApplicationData.swift */; };
		30181CE6211DA1BF0067D65F /* TableCellOwner.swift in Sources */ = {isa = PBXBuildFile; fileRef = 30181CE5211DA1BF0067D65F /* TableCellOwner.swift */; };
		30181CFA211DAFA80067D65F /* MainTabViewController.swift in Sources */ = {isa = PBXBuildFile; fileRef = 30181CF9211DAFA80067D65F /* MainTabViewController.swift */; };
		30181CFC211DB6E30067D65F /* StoryboardManager.swift in Sources */ = {isa = PBXBuildFile; fileRef = 30181CFB211DB6E30067D65F /* StoryboardManager.swift */; };
		30181D04211DB9E70067D65F /* TabFavouritesVC.swift in Sources */ = {isa = PBXBuildFile; fileRef = 30181D03211DB9E70067D65F /* TabFavouritesVC.swift */; };
		30181D08211DBA1B0067D65F /* TabTeamsVC.swift in Sources */ = {isa = PBXBuildFile; fileRef = 30181D07211DBA1B0067D65F /* TabTeamsVC.swift */; };
		30181D0A211DBA3E0067D65F /* TabAgeCategoriesVC.swift in Sources */ = {isa = PBXBuildFile; fileRef = 30181D09211DBA3E0067D65F /* TabAgeCategoriesVC.swift */; };
		30181D0C211DBA900067D65F /* TabSettingsVC.swift in Sources */ = {isa = PBXBuildFile; fileRef = 30181D0B211DBA900067D65F /* TabSettingsVC.swift */; };
		30181D1121219EA00067D65F /* Favourites.storyboard in Resources */ = {isa = PBXBuildFile; fileRef = 30181D1021219EA00067D65F /* Favourites.storyboard */; };
		30181D1321219F1A0067D65F /* Tournament.storyboard in Resources */ = {isa = PBXBuildFile; fileRef = 30181D1221219F1A0067D65F /* Tournament.storyboard */; };
		30181D1721219F5B0067D65F /* Teams.storyboard in Resources */ = {isa = PBXBuildFile; fileRef = 30181D1621219F5B0067D65F /* Teams.storyboard */; };
		30181D1921219F780067D65F /* Settings.storyboard in Resources */ = {isa = PBXBuildFile; fileRef = 30181D1821219F780067D65F /* Settings.storyboard */; };
		30181D1B2121A1B00067D65F /* Localizable.strings in Resources */ = {isa = PBXBuildFile; fileRef = 30181D1A2121A1B00067D65F /* Localizable.strings */; };
		30181D1D2121A8AB0067D65F /* ForgotPasswordVC.swift in Sources */ = {isa = PBXBuildFile; fileRef = 30181D1C2121A8AB0067D65F /* ForgotPasswordVC.swift */; };
		30181D1F2121A8BC0067D65F /* CreateAccountVC.swift in Sources */ = {isa = PBXBuildFile; fileRef = 30181D1E2121A8BC0067D65F /* CreateAccountVC.swift */; };
		30181D212121A8DD0067D65F /* LoginVC.swift in Sources */ = {isa = PBXBuildFile; fileRef = 30181D202121A8DD0067D65F /* LoginVC.swift */; };
		30181D232121A8EA0067D65F /* LandingVC.swift in Sources */ = {isa = PBXBuildFile; fileRef = 30181D222121A8EA0067D65F /* LandingVC.swift */; };
		30181D262122A8F10067D65F /* TitleNavigationBar.swift in Sources */ = {isa = PBXBuildFile; fileRef = 30181D252122A8F10067D65F /* TitleNavigationBar.swift */; };
		30181D282122A8FB0067D65F /* TitleNavigationBar.xib in Resources */ = {isa = PBXBuildFile; fileRef = 30181D272122A8FB0067D65F /* TitleNavigationBar.xib */; };
		30181D2A2122B0CB0067D65F /* TabTournamentVC.swift in Sources */ = {isa = PBXBuildFile; fileRef = 30181D292122B0CB0067D65F /* TabTournamentVC.swift */; };
		30181D2C2122B9B30067D65F /* UIViewControllerExtentions.swift in Sources */ = {isa = PBXBuildFile; fileRef = 30181D2B2122B9B20067D65F /* UIViewControllerExtentions.swift */; };
		30181D332122C0370067D65F /* LabelSelectionCell.swift in Sources */ = {isa = PBXBuildFile; fileRef = 30181D312122C0370067D65F /* LabelSelectionCell.swift */; };
		30181D342122C0370067D65F /* LabelSelectionCell.xib in Resources */ = {isa = PBXBuildFile; fileRef = 30181D322122C0370067D65F /* LabelSelectionCell.xib */; };
		30181D362122C6590067D65F /* CreateAccountFieldList.plist in Resources */ = {isa = PBXBuildFile; fileRef = 30181D352122C6590067D65F /* CreateAccountFieldList.plist */; };
		30181D382122D1A00067D65F /* UITextFieldExtensions.swift in Sources */ = {isa = PBXBuildFile; fileRef = 30181D372122D1A00067D65F /* UITextFieldExtensions.swift */; };
		30181D3B21230ABF0067D65F /* TextFieldCell.swift in Sources */ = {isa = PBXBuildFile; fileRef = 30181D3921230ABF0067D65F /* TextFieldCell.swift */; };
		30181D3C21230ABF0067D65F /* TextFieldCell.xib in Resources */ = {isa = PBXBuildFile; fileRef = 30181D3A21230ABF0067D65F /* TextFieldCell.xib */; };
		30181D3F212312EC0067D65F /* ButtonCell.swift in Sources */ = {isa = PBXBuildFile; fileRef = 30181D3D212312EC0067D65F /* ButtonCell.swift */; };
		30181D40212312EC0067D65F /* ButtonCell.xib in Resources */ = {isa = PBXBuildFile; fileRef = 30181D3E212312EC0067D65F /* ButtonCell.xib */; };
		30181D42212558900067D65F /* Utils.swift in Sources */ = {isa = PBXBuildFile; fileRef = 30181D41212558900067D65F /* Utils.swift */; };
		30181D4A212588340067D65F /* Reachability.swift in Sources */ = {isa = PBXBuildFile; fileRef = 30181D49212588340067D65F /* Reachability.swift */; };
		30181D4C212590E30067D65F /* ImageNavigationBar.swift in Sources */ = {isa = PBXBuildFile; fileRef = 30181D4B212590E30067D65F /* ImageNavigationBar.swift */; };
		30181D4E212590EC0067D65F /* ImageNavigationBar.xib in Resources */ = {isa = PBXBuildFile; fileRef = 30181D4D212590EC0067D65F /* ImageNavigationBar.xib */; };
		30181D502126BB520067D65F /* ApiManager.swift in Sources */ = {isa = PBXBuildFile; fileRef = 30181D4F2126BB520067D65F /* ApiManager.swift */; };
		30181D5A2126CF830067D65F /* QA.xcconfig in Resources */ = {isa = PBXBuildFile; fileRef = 30181D592126CF830067D65F /* QA.xcconfig */; };
		30181D5C2126CF9C0067D65F /* Dev.xcconfig in Resources */ = {isa = PBXBuildFile; fileRef = 30181D5B2126CF9C0067D65F /* Dev.xcconfig */; };
		30181D5E2126CFAF0067D65F /* Production.xcconfig in Resources */ = {isa = PBXBuildFile; fileRef = 30181D5D2126CFAF0067D65F /* Production.xcconfig */; };
		30181D612126D6930067D65F /* QA.plist in Resources */ = {isa = PBXBuildFile; fileRef = 30181D5F2126D6930067D65F /* QA.plist */; };
		30181D622126D6930067D65F /* Production.plist in Resources */ = {isa = PBXBuildFile; fileRef = 30181D602126D6930067D65F /* Production.plist */; };
		30181D642126D7850067D65F /* Environments.swift in Sources */ = {isa = PBXBuildFile; fileRef = 30181D632126D7850067D65F /* Environments.swift */; };
		30181D662126EB460067D65F /* ProgressView.swift in Sources */ = {isa = PBXBuildFile; fileRef = 30181D652126EB460067D65F /* ProgressView.swift */; };
		30181D682126EB830067D65F /* UIViewExtentions.swift in Sources */ = {isa = PBXBuildFile; fileRef = 30181D672126EB830067D65F /* UIViewExtentions.swift */; };
		30181D6B2126F4060067D65F /* PickerHandlerView.xib in Resources */ = {isa = PBXBuildFile; fileRef = 30181D692126F4050067D65F /* PickerHandlerView.xib */; };
		30181D6C2126F4060067D65F /* PickerHandlerView.swift in Sources */ = {isa = PBXBuildFile; fileRef = 30181D6A2126F4050067D65F /* PickerHandlerView.swift */; };
		30181D6F212AA3400067D65F /* CustomAlertView.xib in Resources */ = {isa = PBXBuildFile; fileRef = 30181D6D212AA33F0067D65F /* CustomAlertView.xib */; };
		30181D70212AA3400067D65F /* CustomAlertView.swift in Sources */ = {isa = PBXBuildFile; fileRef = 30181D6E212AA33F0067D65F /* CustomAlertView.swift */; };
		30181D77212AB9CE0067D65F /* UserData.swift in Sources */ = {isa = PBXBuildFile; fileRef = 30181D76212AB9CE0067D65F /* UserData.swift */; };
		30181D79212ABB5A0067D65F /* ParseManger.swift in Sources */ = {isa = PBXBuildFile; fileRef = 30181D78212ABB5A0067D65F /* ParseManger.swift */; };
		30181D7C212AD07C0067D65F /* CustomAlertViewTwoButton.xib in Resources */ = {isa = PBXBuildFile; fileRef = 30181D7A212AD07C0067D65F /* CustomAlertViewTwoButton.xib */; };
		30181D7D212AD07C0067D65F /* CustomAlertViewTwoButton.swift in Sources */ = {isa = PBXBuildFile; fileRef = 30181D7B212AD07C0067D65F /* CustomAlertViewTwoButton.swift */; };
		30181D81212AF0590067D65F /* SettingsList.plist in Resources */ = {isa = PBXBuildFile; fileRef = 30181D80212AF0590067D65F /* SettingsList.plist */; };
		305693FE212BEABC009790BA /* ProfileVC.swift in Sources */ = {isa = PBXBuildFile; fileRef = 305693FD212BEABC009790BA /* ProfileVC.swift */; };
		30569400212BEACC009790BA /* NotificationAndSoundVC.swift in Sources */ = {isa = PBXBuildFile; fileRef = 305693FF212BEACC009790BA /* NotificationAndSoundVC.swift */; };
		30569402212BEADC009790BA /* PrivacyAndTermsVC.swift in Sources */ = {isa = PBXBuildFile; fileRef = 30569401212BEADC009790BA /* PrivacyAndTermsVC.swift */; };
		30569404212C0251009790BA /* ProfileList.plist in Resources */ = {isa = PBXBuildFile; fileRef = 30569403212C0251009790BA /* ProfileList.plist */; };
		306893F5214A813900BA543F /* TournamentClubCell.swift in Sources */ = {isa = PBXBuildFile; fileRef = 306893F3214A813900BA543F /* TournamentClubCell.swift */; };
		306893F6214A813900BA543F /* TournamentClubCell.xib in Resources */ = {isa = PBXBuildFile; fileRef = 306893F4214A813900BA543F /* TournamentClubCell.xib */; };
		307949DF2137F78100DE23A3 /* TeamFixture.swift in Sources */ = {isa = PBXBuildFile; fileRef = 307949DE2137F78100DE23A3 /* TeamFixture.swift */; };
		307949E621394C6800DE23A3 /* GroupDetailsVC.swift in Sources */ = {isa = PBXBuildFile; fileRef = 307949E521394C6800DE23A3 /* GroupDetailsVC.swift */; };
		307949ED21395AB200DE23A3 /* GroupDetailsCell.swift in Sources */ = {isa = PBXBuildFile; fileRef = 307949EB21395AB200DE23A3 /* GroupDetailsCell.swift */; };
		307949EE21395AB200DE23A3 /* GroupDetailsCell.xib in Resources */ = {isa = PBXBuildFile; fileRef = 307949EC21395AB200DE23A3 /* GroupDetailsCell.xib */; };
		3083AEA821466C5C00F9B4B2 /* ClubCategoryVC.swift in Sources */ = {isa = PBXBuildFile; fileRef = 3083AEA721466C5C00F9B4B2 /* ClubCategoryVC.swift */; };
		3083AEAA21466C7400F9B4B2 /* ClubGroupVC.swift in Sources */ = {isa = PBXBuildFile; fileRef = 3083AEA921466C7400F9B4B2 /* ClubGroupVC.swift */; };
		3083AEAC21466C8500F9B4B2 /* ClubClubsVC.swift in Sources */ = {isa = PBXBuildFile; fileRef = 3083AEAB21466C8500F9B4B2 /* ClubClubsVC.swift */; };
		3086BC84213D344A00810CC8 /* GroupStanding.swift in Sources */ = {isa = PBXBuildFile; fileRef = 3086BC83213D344A00810CC8 /* GroupStanding.swift */; };
		3086BC87213D3DB800810CC8 /* AgeCategories.storyboard in Resources */ = {isa = PBXBuildFile; fileRef = 3086BC89213D3DB800810CC8 /* AgeCategories.storyboard */; };
		3086BC8C213D4FA600810CC8 /* MatchInfoVC.swift in Sources */ = {isa = PBXBuildFile; fileRef = 3086BC8B213D4FA600810CC8 /* MatchInfoVC.swift */; };
		3086BC8E213D503A00810CC8 /* VenueVC.swift in Sources */ = {isa = PBXBuildFile; fileRef = 3086BC8D213D503A00810CC8 /* VenueVC.swift */; };
		3086BC90213E94B600810CC8 /* UIImageViewExtensions.swift in Sources */ = {isa = PBXBuildFile; fileRef = 3086BC8F213E94B600810CC8 /* UIImageViewExtensions.swift */; };
		3086BC92213EB09F00810CC8 /* VenueFieldList.plist in Resources */ = {isa = PBXBuildFile; fileRef = 3086BC91213EB09F00810CC8 /* VenueFieldList.plist */; };
		3086BC95213EB11A00810CC8 /* TwoLabelCell.swift in Sources */ = {isa = PBXBuildFile; fileRef = 3086BC93213EB11A00810CC8 /* TwoLabelCell.swift */; };
		3086BC96213EB11A00810CC8 /* TwoLabelCell.xib in Resources */ = {isa = PBXBuildFile; fileRef = 3086BC94213EB11A00810CC8 /* TwoLabelCell.xib */; };
		3086BC9A213FB54E00810CC8 /* MapVC.swift in Sources */ = {isa = PBXBuildFile; fileRef = 3086BC99213FB54E00810CC8 /* MapVC.swift */; };
		30FB3111212EB2B300ABA22A /* privacyContent.html in Resources */ = {isa = PBXBuildFile; fileRef = 30FB3110212EB2B300ABA22A /* privacyContent.html */; };
		30FB3114212EEB0B00ABA22A /* FavouriteTournamentCell.swift in Sources */ = {isa = PBXBuildFile; fileRef = 30FB3112212EEB0B00ABA22A /* FavouriteTournamentCell.swift */; };
		30FB3115212EEB0B00ABA22A /* FavouriteTournamentCell.xib in Resources */ = {isa = PBXBuildFile; fileRef = 30FB3113212EEB0B00ABA22A /* FavouriteTournamentCell.xib */; };
		30FB3117212FEA4B00ABA22A /* Tournament.swift in Sources */ = {isa = PBXBuildFile; fileRef = 30FB3116212FEA4B00ABA22A /* Tournament.swift */; };
		30FB311A21353CA000ABA22A /* AgeCategoryCell.swift in Sources */ = {isa = PBXBuildFile; fileRef = 30FB311821353CA000ABA22A /* AgeCategoryCell.swift */; };
		30FB311B21353CA000ABA22A /* AgeCategoryCell.xib in Resources */ = {isa = PBXBuildFile; fileRef = 30FB311921353CA000ABA22A /* AgeCategoryCell.xib */; };
		30FB311D213550C600ABA22A /* AgeCategoriesGroupsVC.swift in Sources */ = {isa = PBXBuildFile; fileRef = 30FB311C213550C600ABA22A /* AgeCategoriesGroupsVC.swift */; };
		30FB311F2135523B00ABA22A /* AgeCategoriesGroupsSummaryVC.swift in Sources */ = {isa = PBXBuildFile; fileRef = 30FB311E2135523B00ABA22A /* AgeCategoriesGroupsSummaryVC.swift */; };
		30FB3121213579FE00ABA22A /* GroupSummaryStandingsHeader.swift in Sources */ = {isa = PBXBuildFile; fileRef = 30FB3120213579FE00ABA22A /* GroupSummaryStandingsHeader.swift */; };
		30FB312321357A0800ABA22A /* GroupSummaryStandingsHeader.xib in Resources */ = {isa = PBXBuildFile; fileRef = 30FB312221357A0800ABA22A /* GroupSummaryStandingsHeader.xib */; };
		30FB3125213665FE00ABA22A /* GroupSummaryMatchesHeader.swift in Sources */ = {isa = PBXBuildFile; fileRef = 30FB3124213665FE00ABA22A /* GroupSummaryMatchesHeader.swift */; };
		30FB31272136660900ABA22A /* GroupSummaryMatchesHeader.xib in Resources */ = {isa = PBXBuildFile; fileRef = 30FB31262136660900ABA22A /* GroupSummaryMatchesHeader.xib */; };
		30FB312A21366A6400ABA22A /* GroupSummaryMatchesCell.swift in Sources */ = {isa = PBXBuildFile; fileRef = 30FB312821366A6400ABA22A /* GroupSummaryMatchesCell.swift */; };
		30FB312B21366A6400ABA22A /* GroupSummaryMatchesCell.xib in Resources */ = {isa = PBXBuildFile; fileRef = 30FB312921366A6400ABA22A /* GroupSummaryMatchesCell.xib */; };
		30FB312E21366AA400ABA22A /* GroupSummaryStandingsCell.swift in Sources */ = {isa = PBXBuildFile; fileRef = 30FB312C21366AA400ABA22A /* GroupSummaryStandingsCell.swift */; };
		30FB312F21366AA400ABA22A /* GroupSummaryStandingsCell.xib in Resources */ = {isa = PBXBuildFile; fileRef = 30FB312D21366AA400ABA22A /* GroupSummaryStandingsCell.xib */; };
/* End PBXBuildFile section */

/* Begin PBXFileReference section */
		30181CC0211D95B60067D65F /* ESR.app */ = {isa = PBXFileReference; explicitFileType = wrapper.application; includeInIndex = 0; path = ESR.app; sourceTree = BUILT_PRODUCTS_DIR; };
		30181CC3211D95B60067D65F /* AppDelegate.swift */ = {isa = PBXFileReference; lastKnownFileType = sourcecode.swift; path = AppDelegate.swift; sourceTree = "<group>"; };
		30181CC8211D95B60067D65F /* Base */ = {isa = PBXFileReference; lastKnownFileType = file.storyboard; name = Base; path = Base.lproj/Main.storyboard; sourceTree = "<group>"; };
		30181CCA211D95B80067D65F /* Assets.xcassets */ = {isa = PBXFileReference; lastKnownFileType = folder.assetcatalog; path = Assets.xcassets; sourceTree = "<group>"; };
		30181CCD211D95B80067D65F /* Base */ = {isa = PBXFileReference; lastKnownFileType = file.storyboard; name = Base; path = Base.lproj/LaunchScreen.storyboard; sourceTree = "<group>"; };
		30181CCF211D95B80067D65F /* Info.plist */ = {isa = PBXFileReference; lastKnownFileType = text.plist.xml; path = Info.plist; sourceTree = "<group>"; };
		30181CD8211D98720067D65F /* SuperViewController.swift */ = {isa = PBXFileReference; lastKnownFileType = sourcecode.swift; path = SuperViewController.swift; sourceTree = "<group>"; };
		30181CDC211D99F50067D65F /* AppConstantsList.swift */ = {isa = PBXFileReference; lastKnownFileType = sourcecode.swift; path = AppConstantsList.swift; sourceTree = "<group>"; };
		30181CDE211D9DFF0067D65F /* ApplicationData.swift */ = {isa = PBXFileReference; lastKnownFileType = sourcecode.swift; path = ApplicationData.swift; sourceTree = "<group>"; };
		30181CE5211DA1BF0067D65F /* TableCellOwner.swift */ = {isa = PBXFileReference; lastKnownFileType = sourcecode.swift; path = TableCellOwner.swift; sourceTree = "<group>"; };
		30181CE7211DA2AE0067D65F /* ESR.entitlements */ = {isa = PBXFileReference; lastKnownFileType = text.plist.entitlements; path = ESR.entitlements; sourceTree = "<group>"; };
		30181CF9211DAFA80067D65F /* MainTabViewController.swift */ = {isa = PBXFileReference; lastKnownFileType = sourcecode.swift; path = MainTabViewController.swift; sourceTree = "<group>"; };
		30181CFB211DB6E30067D65F /* StoryboardManager.swift */ = {isa = PBXFileReference; lastKnownFileType = sourcecode.swift; path = StoryboardManager.swift; sourceTree = "<group>"; };
		30181D03211DB9E70067D65F /* TabFavouritesVC.swift */ = {isa = PBXFileReference; lastKnownFileType = sourcecode.swift; path = TabFavouritesVC.swift; sourceTree = "<group>"; };
		30181D07211DBA1B0067D65F /* TabTeamsVC.swift */ = {isa = PBXFileReference; lastKnownFileType = sourcecode.swift; path = TabTeamsVC.swift; sourceTree = "<group>"; };
		30181D09211DBA3E0067D65F /* TabAgeCategoriesVC.swift */ = {isa = PBXFileReference; lastKnownFileType = sourcecode.swift; path = TabAgeCategoriesVC.swift; sourceTree = "<group>"; };
		30181D0B211DBA900067D65F /* TabSettingsVC.swift */ = {isa = PBXFileReference; lastKnownFileType = sourcecode.swift; path = TabSettingsVC.swift; sourceTree = "<group>"; };
		30181D1021219EA00067D65F /* Favourites.storyboard */ = {isa = PBXFileReference; lastKnownFileType = file.storyboard; path = Favourites.storyboard; sourceTree = "<group>"; };
		30181D1221219F1A0067D65F /* Tournament.storyboard */ = {isa = PBXFileReference; lastKnownFileType = file.storyboard; path = Tournament.storyboard; sourceTree = "<group>"; };
		30181D1621219F5B0067D65F /* Teams.storyboard */ = {isa = PBXFileReference; lastKnownFileType = file.storyboard; path = Teams.storyboard; sourceTree = "<group>"; };
		30181D1821219F780067D65F /* Settings.storyboard */ = {isa = PBXFileReference; lastKnownFileType = file.storyboard; path = Settings.storyboard; sourceTree = "<group>"; };
		30181D1A2121A1B00067D65F /* Localizable.strings */ = {isa = PBXFileReference; fileEncoding = 4; lastKnownFileType = text.plist.strings; path = Localizable.strings; sourceTree = "<group>"; };
		30181D1C2121A8AB0067D65F /* ForgotPasswordVC.swift */ = {isa = PBXFileReference; lastKnownFileType = sourcecode.swift; path = ForgotPasswordVC.swift; sourceTree = "<group>"; };
		30181D1E2121A8BC0067D65F /* CreateAccountVC.swift */ = {isa = PBXFileReference; lastKnownFileType = sourcecode.swift; path = CreateAccountVC.swift; sourceTree = "<group>"; };
		30181D202121A8DD0067D65F /* LoginVC.swift */ = {isa = PBXFileReference; lastKnownFileType = sourcecode.swift; path = LoginVC.swift; sourceTree = "<group>"; };
		30181D222121A8EA0067D65F /* LandingVC.swift */ = {isa = PBXFileReference; lastKnownFileType = sourcecode.swift; path = LandingVC.swift; sourceTree = "<group>"; };
		30181D252122A8F10067D65F /* TitleNavigationBar.swift */ = {isa = PBXFileReference; lastKnownFileType = sourcecode.swift; path = TitleNavigationBar.swift; sourceTree = "<group>"; };
		30181D272122A8FB0067D65F /* TitleNavigationBar.xib */ = {isa = PBXFileReference; lastKnownFileType = file.xib; path = TitleNavigationBar.xib; sourceTree = "<group>"; };
		30181D292122B0CB0067D65F /* TabTournamentVC.swift */ = {isa = PBXFileReference; lastKnownFileType = sourcecode.swift; path = TabTournamentVC.swift; sourceTree = "<group>"; };
		30181D2B2122B9B20067D65F /* UIViewControllerExtentions.swift */ = {isa = PBXFileReference; fileEncoding = 4; lastKnownFileType = sourcecode.swift; path = UIViewControllerExtentions.swift; sourceTree = "<group>"; };
		30181D312122C0370067D65F /* LabelSelectionCell.swift */ = {isa = PBXFileReference; lastKnownFileType = sourcecode.swift; path = LabelSelectionCell.swift; sourceTree = "<group>"; };
		30181D322122C0370067D65F /* LabelSelectionCell.xib */ = {isa = PBXFileReference; lastKnownFileType = file.xib; path = LabelSelectionCell.xib; sourceTree = "<group>"; };
		30181D352122C6590067D65F /* CreateAccountFieldList.plist */ = {isa = PBXFileReference; lastKnownFileType = text.plist.xml; path = CreateAccountFieldList.plist; sourceTree = "<group>"; };
		30181D372122D1A00067D65F /* UITextFieldExtensions.swift */ = {isa = PBXFileReference; fileEncoding = 4; lastKnownFileType = sourcecode.swift; path = UITextFieldExtensions.swift; sourceTree = "<group>"; };
		30181D3921230ABF0067D65F /* TextFieldCell.swift */ = {isa = PBXFileReference; lastKnownFileType = sourcecode.swift; path = TextFieldCell.swift; sourceTree = "<group>"; };
		30181D3A21230ABF0067D65F /* TextFieldCell.xib */ = {isa = PBXFileReference; lastKnownFileType = file.xib; path = TextFieldCell.xib; sourceTree = "<group>"; };
		30181D3D212312EC0067D65F /* ButtonCell.swift */ = {isa = PBXFileReference; lastKnownFileType = sourcecode.swift; path = ButtonCell.swift; sourceTree = "<group>"; };
		30181D3E212312EC0067D65F /* ButtonCell.xib */ = {isa = PBXFileReference; lastKnownFileType = file.xib; path = ButtonCell.xib; sourceTree = "<group>"; };
		30181D41212558900067D65F /* Utils.swift */ = {isa = PBXFileReference; lastKnownFileType = sourcecode.swift; path = Utils.swift; sourceTree = "<group>"; };
		30181D49212588340067D65F /* Reachability.swift */ = {isa = PBXFileReference; fileEncoding = 4; lastKnownFileType = sourcecode.swift; path = Reachability.swift; sourceTree = "<group>"; };
		30181D4B212590E30067D65F /* ImageNavigationBar.swift */ = {isa = PBXFileReference; lastKnownFileType = sourcecode.swift; path = ImageNavigationBar.swift; sourceTree = "<group>"; };
		30181D4D212590EC0067D65F /* ImageNavigationBar.xib */ = {isa = PBXFileReference; lastKnownFileType = file.xib; path = ImageNavigationBar.xib; sourceTree = "<group>"; };
		30181D4F2126BB520067D65F /* ApiManager.swift */ = {isa = PBXFileReference; fileEncoding = 4; lastKnownFileType = sourcecode.swift; path = ApiManager.swift; sourceTree = "<group>"; };
		30181D592126CF830067D65F /* QA.xcconfig */ = {isa = PBXFileReference; lastKnownFileType = text.xcconfig; path = QA.xcconfig; sourceTree = "<group>"; };
		30181D5B2126CF9C0067D65F /* Dev.xcconfig */ = {isa = PBXFileReference; lastKnownFileType = text.xcconfig; path = Dev.xcconfig; sourceTree = "<group>"; };
		30181D5D2126CFAF0067D65F /* Production.xcconfig */ = {isa = PBXFileReference; lastKnownFileType = text.xcconfig; path = Production.xcconfig; sourceTree = "<group>"; };
		30181D5F2126D6930067D65F /* QA.plist */ = {isa = PBXFileReference; fileEncoding = 4; lastKnownFileType = text.plist.xml; path = QA.plist; sourceTree = "<group>"; };
		30181D602126D6930067D65F /* Production.plist */ = {isa = PBXFileReference; fileEncoding = 4; lastKnownFileType = text.plist.xml; path = Production.plist; sourceTree = "<group>"; };
		30181D632126D7850067D65F /* Environments.swift */ = {isa = PBXFileReference; lastKnownFileType = sourcecode.swift; path = Environments.swift; sourceTree = "<group>"; };
		30181D652126EB460067D65F /* ProgressView.swift */ = {isa = PBXFileReference; fileEncoding = 4; lastKnownFileType = sourcecode.swift; path = ProgressView.swift; sourceTree = "<group>"; };
		30181D672126EB830067D65F /* UIViewExtentions.swift */ = {isa = PBXFileReference; lastKnownFileType = sourcecode.swift; path = UIViewExtentions.swift; sourceTree = "<group>"; };
		30181D692126F4050067D65F /* PickerHandlerView.xib */ = {isa = PBXFileReference; fileEncoding = 4; lastKnownFileType = file.xib; path = PickerHandlerView.xib; sourceTree = "<group>"; };
		30181D6A2126F4050067D65F /* PickerHandlerView.swift */ = {isa = PBXFileReference; fileEncoding = 4; lastKnownFileType = sourcecode.swift; path = PickerHandlerView.swift; sourceTree = "<group>"; };
		30181D6D212AA33F0067D65F /* CustomAlertView.xib */ = {isa = PBXFileReference; fileEncoding = 4; lastKnownFileType = file.xib; path = CustomAlertView.xib; sourceTree = "<group>"; };
		30181D6E212AA33F0067D65F /* CustomAlertView.swift */ = {isa = PBXFileReference; fileEncoding = 4; lastKnownFileType = sourcecode.swift; path = CustomAlertView.swift; sourceTree = "<group>"; };
		30181D76212AB9CE0067D65F /* UserData.swift */ = {isa = PBXFileReference; lastKnownFileType = sourcecode.swift; path = UserData.swift; sourceTree = "<group>"; };
		30181D78212ABB5A0067D65F /* ParseManger.swift */ = {isa = PBXFileReference; lastKnownFileType = sourcecode.swift; path = ParseManger.swift; sourceTree = "<group>"; };
		30181D7A212AD07C0067D65F /* CustomAlertViewTwoButton.xib */ = {isa = PBXFileReference; fileEncoding = 4; lastKnownFileType = file.xib; path = CustomAlertViewTwoButton.xib; sourceTree = "<group>"; };
		30181D7B212AD07C0067D65F /* CustomAlertViewTwoButton.swift */ = {isa = PBXFileReference; fileEncoding = 4; lastKnownFileType = sourcecode.swift; path = CustomAlertViewTwoButton.swift; sourceTree = "<group>"; };
		30181D80212AF0590067D65F /* SettingsList.plist */ = {isa = PBXFileReference; lastKnownFileType = text.plist.xml; path = SettingsList.plist; sourceTree = "<group>"; };
		305693FD212BEABC009790BA /* ProfileVC.swift */ = {isa = PBXFileReference; lastKnownFileType = sourcecode.swift; path = ProfileVC.swift; sourceTree = "<group>"; };
		305693FF212BEACC009790BA /* NotificationAndSoundVC.swift */ = {isa = PBXFileReference; lastKnownFileType = sourcecode.swift; path = NotificationAndSoundVC.swift; sourceTree = "<group>"; };
		30569401212BEADC009790BA /* PrivacyAndTermsVC.swift */ = {isa = PBXFileReference; lastKnownFileType = sourcecode.swift; path = PrivacyAndTermsVC.swift; sourceTree = "<group>"; };
		30569403212C0251009790BA /* ProfileList.plist */ = {isa = PBXFileReference; lastKnownFileType = text.plist.xml; path = ProfileList.plist; sourceTree = "<group>"; };
		306893F3214A813900BA543F /* TournamentClubCell.swift */ = {isa = PBXFileReference; lastKnownFileType = sourcecode.swift; path = TournamentClubCell.swift; sourceTree = "<group>"; };
		306893F4214A813900BA543F /* TournamentClubCell.xib */ = {isa = PBXFileReference; lastKnownFileType = file.xib; path = TournamentClubCell.xib; sourceTree = "<group>"; };
		307949DE2137F78100DE23A3 /* TeamFixture.swift */ = {isa = PBXFileReference; lastKnownFileType = sourcecode.swift; path = TeamFixture.swift; sourceTree = "<group>"; };
		307949E521394C6800DE23A3 /* GroupDetailsVC.swift */ = {isa = PBXFileReference; lastKnownFileType = sourcecode.swift; path = GroupDetailsVC.swift; sourceTree = "<group>"; };
		307949EB21395AB200DE23A3 /* GroupDetailsCell.swift */ = {isa = PBXFileReference; lastKnownFileType = sourcecode.swift; path = GroupDetailsCell.swift; sourceTree = "<group>"; };
		307949EC21395AB200DE23A3 /* GroupDetailsCell.xib */ = {isa = PBXFileReference; lastKnownFileType = file.xib; path = GroupDetailsCell.xib; sourceTree = "<group>"; };
		3083AEA721466C5C00F9B4B2 /* ClubCategoryVC.swift */ = {isa = PBXFileReference; lastKnownFileType = sourcecode.swift; path = ClubCategoryVC.swift; sourceTree = "<group>"; };
		3083AEA921466C7400F9B4B2 /* ClubGroupVC.swift */ = {isa = PBXFileReference; lastKnownFileType = sourcecode.swift; path = ClubGroupVC.swift; sourceTree = "<group>"; };
		3083AEAB21466C8500F9B4B2 /* ClubClubsVC.swift */ = {isa = PBXFileReference; lastKnownFileType = sourcecode.swift; path = ClubClubsVC.swift; sourceTree = "<group>"; };
		3086BC83213D344A00810CC8 /* GroupStanding.swift */ = {isa = PBXFileReference; lastKnownFileType = sourcecode.swift; path = GroupStanding.swift; sourceTree = "<group>"; };
		3086BC8A213D3DC400810CC8 /* Base */ = {isa = PBXFileReference; lastKnownFileType = file.storyboard; name = Base; path = Base.lproj/AgeCategories.storyboard; sourceTree = "<group>"; };
		3086BC8B213D4FA600810CC8 /* MatchInfoVC.swift */ = {isa = PBXFileReference; lastKnownFileType = sourcecode.swift; path = MatchInfoVC.swift; sourceTree = "<group>"; };
		3086BC8D213D503A00810CC8 /* VenueVC.swift */ = {isa = PBXFileReference; lastKnownFileType = sourcecode.swift; path = VenueVC.swift; sourceTree = "<group>"; };
		3086BC8F213E94B600810CC8 /* UIImageViewExtensions.swift */ = {isa = PBXFileReference; lastKnownFileType = sourcecode.swift; path = UIImageViewExtensions.swift; sourceTree = "<group>"; };
		3086BC91213EB09F00810CC8 /* VenueFieldList.plist */ = {isa = PBXFileReference; lastKnownFileType = text.plist.xml; path = VenueFieldList.plist; sourceTree = "<group>"; };
		3086BC93213EB11A00810CC8 /* TwoLabelCell.swift */ = {isa = PBXFileReference; lastKnownFileType = sourcecode.swift; path = TwoLabelCell.swift; sourceTree = "<group>"; };
		3086BC94213EB11A00810CC8 /* TwoLabelCell.xib */ = {isa = PBXFileReference; lastKnownFileType = file.xib; path = TwoLabelCell.xib; sourceTree = "<group>"; };
		3086BC99213FB54E00810CC8 /* MapVC.swift */ = {isa = PBXFileReference; lastKnownFileType = sourcecode.swift; path = MapVC.swift; sourceTree = "<group>"; };
		30FB3110212EB2B300ABA22A /* privacyContent.html */ = {isa = PBXFileReference; fileEncoding = 4; lastKnownFileType = text.html; path = privacyContent.html; sourceTree = "<group>"; };
		30FB3112212EEB0B00ABA22A /* FavouriteTournamentCell.swift */ = {isa = PBXFileReference; lastKnownFileType = sourcecode.swift; path = FavouriteTournamentCell.swift; sourceTree = "<group>"; };
		30FB3113212EEB0B00ABA22A /* FavouriteTournamentCell.xib */ = {isa = PBXFileReference; lastKnownFileType = file.xib; path = FavouriteTournamentCell.xib; sourceTree = "<group>"; };
		30FB3116212FEA4B00ABA22A /* Tournament.swift */ = {isa = PBXFileReference; lastKnownFileType = sourcecode.swift; path = Tournament.swift; sourceTree = "<group>"; };
		30FB311821353CA000ABA22A /* AgeCategoryCell.swift */ = {isa = PBXFileReference; lastKnownFileType = sourcecode.swift; path = AgeCategoryCell.swift; sourceTree = "<group>"; };
		30FB311921353CA000ABA22A /* AgeCategoryCell.xib */ = {isa = PBXFileReference; lastKnownFileType = file.xib; path = AgeCategoryCell.xib; sourceTree = "<group>"; };
		30FB311C213550C600ABA22A /* AgeCategoriesGroupsVC.swift */ = {isa = PBXFileReference; lastKnownFileType = sourcecode.swift; path = AgeCategoriesGroupsVC.swift; sourceTree = "<group>"; };
		30FB311E2135523B00ABA22A /* AgeCategoriesGroupsSummaryVC.swift */ = {isa = PBXFileReference; lastKnownFileType = sourcecode.swift; path = AgeCategoriesGroupsSummaryVC.swift; sourceTree = "<group>"; };
		30FB3120213579FE00ABA22A /* GroupSummaryStandingsHeader.swift */ = {isa = PBXFileReference; lastKnownFileType = sourcecode.swift; path = GroupSummaryStandingsHeader.swift; sourceTree = "<group>"; };
		30FB312221357A0800ABA22A /* GroupSummaryStandingsHeader.xib */ = {isa = PBXFileReference; lastKnownFileType = file.xib; path = GroupSummaryStandingsHeader.xib; sourceTree = "<group>"; };
		30FB3124213665FE00ABA22A /* GroupSummaryMatchesHeader.swift */ = {isa = PBXFileReference; lastKnownFileType = sourcecode.swift; path = GroupSummaryMatchesHeader.swift; sourceTree = "<group>"; };
		30FB31262136660900ABA22A /* GroupSummaryMatchesHeader.xib */ = {isa = PBXFileReference; lastKnownFileType = file.xib; path = GroupSummaryMatchesHeader.xib; sourceTree = "<group>"; };
		30FB312821366A6400ABA22A /* GroupSummaryMatchesCell.swift */ = {isa = PBXFileReference; lastKnownFileType = sourcecode.swift; path = GroupSummaryMatchesCell.swift; sourceTree = "<group>"; };
		30FB312921366A6400ABA22A /* GroupSummaryMatchesCell.xib */ = {isa = PBXFileReference; lastKnownFileType = file.xib; path = GroupSummaryMatchesCell.xib; sourceTree = "<group>"; };
		30FB312C21366AA400ABA22A /* GroupSummaryStandingsCell.swift */ = {isa = PBXFileReference; lastKnownFileType = sourcecode.swift; path = GroupSummaryStandingsCell.swift; sourceTree = "<group>"; };
		30FB312D21366AA400ABA22A /* GroupSummaryStandingsCell.xib */ = {isa = PBXFileReference; lastKnownFileType = file.xib; path = GroupSummaryStandingsCell.xib; sourceTree = "<group>"; };
		5669E6CBF27485D33013CE06 /* Pods-ESR.release ( production ).xcconfig */ = {isa = PBXFileReference; includeInIndex = 1; lastKnownFileType = text.xcconfig; name = "Pods-ESR.release ( production ).xcconfig"; path = "Pods/Target Support Files/Pods-ESR/Pods-ESR.release ( production ).xcconfig"; sourceTree = "<group>"; };
		9BD23A70543185FD0C23E807 /* Pods-ESR.release.xcconfig */ = {isa = PBXFileReference; includeInIndex = 1; lastKnownFileType = text.xcconfig; name = "Pods-ESR.release.xcconfig"; path = "Pods/Target Support Files/Pods-ESR/Pods-ESR.release.xcconfig"; sourceTree = "<group>"; };
		C883A75926EF01AE85CE5AFF /* Pods-ESR.release ( qa ).xcconfig */ = {isa = PBXFileReference; includeInIndex = 1; lastKnownFileType = text.xcconfig; name = "Pods-ESR.release ( qa ).xcconfig"; path = "Pods/Target Support Files/Pods-ESR/Pods-ESR.release ( qa ).xcconfig"; sourceTree = "<group>"; };
		EBD932D29D0473CA455A5CCA /* Pods_ESR.framework */ = {isa = PBXFileReference; explicitFileType = wrapper.framework; includeInIndex = 0; path = Pods_ESR.framework; sourceTree = BUILT_PRODUCTS_DIR; };
		F228F3CC0440A2073912187A /* Pods-ESR.debug.xcconfig */ = {isa = PBXFileReference; includeInIndex = 1; lastKnownFileType = text.xcconfig; name = "Pods-ESR.debug.xcconfig"; path = "Pods/Target Support Files/Pods-ESR/Pods-ESR.debug.xcconfig"; sourceTree = "<group>"; };
/* End PBXFileReference section */

/* Begin PBXFrameworksBuildPhase section */
		30181CBD211D95B60067D65F /* Frameworks */ = {
			isa = PBXFrameworksBuildPhase;
			buildActionMask = 2147483647;
			files = (
				10EA25F1696796FDDB9B648E /* Pods_ESR.framework in Frameworks */,
			);
			runOnlyForDeploymentPostprocessing = 0;
		};
/* End PBXFrameworksBuildPhase section */

/* Begin PBXGroup section */
		023496BC20B01812C3B358A9 /* Pods */ = {
			isa = PBXGroup;
			children = (
				F228F3CC0440A2073912187A /* Pods-ESR.debug.xcconfig */,
				9BD23A70543185FD0C23E807 /* Pods-ESR.release.xcconfig */,
				5669E6CBF27485D33013CE06 /* Pods-ESR.release ( production ).xcconfig */,
				C883A75926EF01AE85CE5AFF /* Pods-ESR.release ( qa ).xcconfig */,
			);
			name = Pods;
			sourceTree = "<group>";
		};
		2BDEF858AB329BF64FB52540 /* Frameworks */ = {
			isa = PBXGroup;
			children = (
				EBD932D29D0473CA455A5CCA /* Pods_ESR.framework */,
			);
			name = Frameworks;
			sourceTree = "<group>";
		};
		30181CB7211D95B60067D65F = {
			isa = PBXGroup;
			children = (
				30181D5D2126CFAF0067D65F /* Production.xcconfig */,
				30181D5B2126CF9C0067D65F /* Dev.xcconfig */,
				30181D592126CF830067D65F /* QA.xcconfig */,
				30181CC2211D95B60067D65F /* ESR */,
				30181CC1211D95B60067D65F /* Products */,
				023496BC20B01812C3B358A9 /* Pods */,
				2BDEF858AB329BF64FB52540 /* Frameworks */,
			);
			sourceTree = "<group>";
		};
		30181CC1211D95B60067D65F /* Products */ = {
			isa = PBXGroup;
			children = (
				30181CC0211D95B60067D65F /* ESR.app */,
			);
			name = Products;
			sourceTree = "<group>";
		};
		30181CC2211D95B60067D65F /* ESR */ = {
			isa = PBXGroup;
			children = (
				30FB3110212EB2B300ABA22A /* privacyContent.html */,
				30181CE7211DA2AE0067D65F /* ESR.entitlements */,
				30181CDA211D998A0067D65F /* CustomComponents */,
				30181CDB211D99990067D65F /* Data */,
				30181CE3211D9F640067D65F /* Helper */,
				30181CE4211D9FEF0067D65F /* Network */,
				30181CD7211D98340067D65F /* PListFiles */,
				30181CD6211D98180067D65F /* ViewControllers */,
				30181CD5211D98000067D65F /* Storyboards */,
				30181CC3211D95B60067D65F /* AppDelegate.swift */,
				30181CCA211D95B80067D65F /* Assets.xcassets */,
				30181D1A2121A1B00067D65F /* Localizable.strings */,
				30181CCF211D95B80067D65F /* Info.plist */,
				30181D5F2126D6930067D65F /* QA.plist */,
				30181D602126D6930067D65F /* Production.plist */,
			);
			path = ESR;
			sourceTree = "<group>";
		};
		30181CD5211D98000067D65F /* Storyboards */ = {
			isa = PBXGroup;
			children = (
				30181CC7211D95B60067D65F /* Main.storyboard */,
				30181CCC211D95B80067D65F /* LaunchScreen.storyboard */,
				30181D1021219EA00067D65F /* Favourites.storyboard */,
				30181D1221219F1A0067D65F /* Tournament.storyboard */,
				3086BC89213D3DB800810CC8 /* AgeCategories.storyboard */,
				30181D1621219F5B0067D65F /* Teams.storyboard */,
				30181D1821219F780067D65F /* Settings.storyboard */,
			);
			path = Storyboards;
			sourceTree = "<group>";
		};
		30181CD6211D98180067D65F /* ViewControllers */ = {
			isa = PBXGroup;
			children = (
				30181CD8211D98720067D65F /* SuperViewController.swift */,
				30181D242121A91A0067D65F /* Login */,
				30181CFD211DB8840067D65F /* Tabs */,
			);
			path = ViewControllers;
			sourceTree = "<group>";
		};
		30181CD7211D98340067D65F /* PListFiles */ = {
			isa = PBXGroup;
			children = (
				30181D352122C6590067D65F /* CreateAccountFieldList.plist */,
				30181D80212AF0590067D65F /* SettingsList.plist */,
				30569403212C0251009790BA /* ProfileList.plist */,
				3086BC91213EB09F00810CC8 /* VenueFieldList.plist */,
			);
			path = PListFiles;
			sourceTree = "<group>";
		};
		30181CDA211D998A0067D65F /* CustomComponents */ = {
			isa = PBXGroup;
			children = (
				30181CE2211D9F360067D65F /* View */,
				30181CE1211D9F300067D65F /* Cell */,
				30181CE0211D9F290067D65F /* CollectionCell */,
				30181CE5211DA1BF0067D65F /* TableCellOwner.swift */,
			);
			path = CustomComponents;
			sourceTree = "<group>";
		};
		30181CDB211D99990067D65F /* Data */ = {
			isa = PBXGroup;
			children = (
				30181D71212AB81A0067D65F /* Model */,
				30181CDC211D99F50067D65F /* AppConstantsList.swift */,
				30181CDE211D9DFF0067D65F /* ApplicationData.swift */,
			);
			path = Data;
			sourceTree = "<group>";
		};
		30181CE0211D9F290067D65F /* CollectionCell */ = {
			isa = PBXGroup;
			children = (
			);
			path = CollectionCell;
			sourceTree = "<group>";
		};
		30181CE1211D9F300067D65F /* Cell */ = {
			isa = PBXGroup;
			children = (
				30181D312122C0370067D65F /* LabelSelectionCell.swift */,
				30181D322122C0370067D65F /* LabelSelectionCell.xib */,
				30181D3921230ABF0067D65F /* TextFieldCell.swift */,
				30181D3A21230ABF0067D65F /* TextFieldCell.xib */,
				30181D3D212312EC0067D65F /* ButtonCell.swift */,
				30181D3E212312EC0067D65F /* ButtonCell.xib */,
				30FB3112212EEB0B00ABA22A /* FavouriteTournamentCell.swift */,
				30FB3113212EEB0B00ABA22A /* FavouriteTournamentCell.xib */,
				30FB311821353CA000ABA22A /* AgeCategoryCell.swift */,
				30FB311921353CA000ABA22A /* AgeCategoryCell.xib */,
				30FB312821366A6400ABA22A /* GroupSummaryMatchesCell.swift */,
				30FB312921366A6400ABA22A /* GroupSummaryMatchesCell.xib */,
				30FB312C21366AA400ABA22A /* GroupSummaryStandingsCell.swift */,
				30FB312D21366AA400ABA22A /* GroupSummaryStandingsCell.xib */,
				307949EB21395AB200DE23A3 /* GroupDetailsCell.swift */,
				307949EC21395AB200DE23A3 /* GroupDetailsCell.xib */,
				3086BC93213EB11A00810CC8 /* TwoLabelCell.swift */,
				3086BC94213EB11A00810CC8 /* TwoLabelCell.xib */,
				306893F3214A813900BA543F /* TournamentClubCell.swift */,
				306893F4214A813900BA543F /* TournamentClubCell.xib */,
			);
			path = Cell;
			sourceTree = "<group>";
		};
		30181CE2211D9F360067D65F /* View */ = {
			isa = PBXGroup;
			children = (
				30181D652126EB460067D65F /* ProgressView.swift */,
				30181D252122A8F10067D65F /* TitleNavigationBar.swift */,
				30181D272122A8FB0067D65F /* TitleNavigationBar.xib */,
				30181D4B212590E30067D65F /* ImageNavigationBar.swift */,
				30181D4D212590EC0067D65F /* ImageNavigationBar.xib */,
				30181D6A2126F4050067D65F /* PickerHandlerView.swift */,
				30181D692126F4050067D65F /* PickerHandlerView.xib */,
				30181D6E212AA33F0067D65F /* CustomAlertView.swift */,
				30181D6D212AA33F0067D65F /* CustomAlertView.xib */,
				30181D7B212AD07C0067D65F /* CustomAlertViewTwoButton.swift */,
				30181D7A212AD07C0067D65F /* CustomAlertViewTwoButton.xib */,
				30FB3120213579FE00ABA22A /* GroupSummaryStandingsHeader.swift */,
				30FB312221357A0800ABA22A /* GroupSummaryStandingsHeader.xib */,
				30FB3124213665FE00ABA22A /* GroupSummaryMatchesHeader.swift */,
				30FB31262136660900ABA22A /* GroupSummaryMatchesHeader.xib */,
			);
			path = View;
			sourceTree = "<group>";
		};
		30181CE3211D9F640067D65F /* Helper */ = {
			isa = PBXGroup;
			children = (
				30181D49212588340067D65F /* Reachability.swift */,
				30181D372122D1A00067D65F /* UITextFieldExtensions.swift */,
				30181D2B2122B9B20067D65F /* UIViewControllerExtentions.swift */,
				30181CFB211DB6E30067D65F /* StoryboardManager.swift */,
				30181D41212558900067D65F /* Utils.swift */,
				30181D632126D7850067D65F /* Environments.swift */,
				30181D672126EB830067D65F /* UIViewExtentions.swift */,
				3086BC8F213E94B600810CC8 /* UIImageViewExtensions.swift */,
			);
			path = Helper;
			sourceTree = "<group>";
		};
		30181CE4211D9FEF0067D65F /* Network */ = {
			isa = PBXGroup;
			children = (
				30181D4F2126BB520067D65F /* ApiManager.swift */,
				30181D78212ABB5A0067D65F /* ParseManger.swift */,
			);
			path = Network;
			sourceTree = "<group>";
		};
		30181CFD211DB8840067D65F /* Tabs */ = {
			isa = PBXGroup;
			children = (
				30181CF9211DAFA80067D65F /* MainTabViewController.swift */,
				3086BC99213FB54E00810CC8 /* MapVC.swift */,
				30181CFE211DB89B0067D65F /* Favourites */,
				30181CFF211DB8A30067D65F /* Tournament */,
				30181D00211DB8B20067D65F /* Teams */,
				30181D01211DB8B70067D65F /* AgeCategories */,
				30181D02211DB8C20067D65F /* Settings */,
			);
			path = Tabs;
			sourceTree = "<group>";
		};
		30181CFE211DB89B0067D65F /* Favourites */ = {
			isa = PBXGroup;
			children = (
				30181D03211DB9E70067D65F /* TabFavouritesVC.swift */,
			);
			path = Favourites;
			sourceTree = "<group>";
		};
		30181CFF211DB8A30067D65F /* Tournament */ = {
			isa = PBXGroup;
			children = (
				30181D292122B0CB0067D65F /* TabTournamentVC.swift */,
			);
			path = Tournament;
			sourceTree = "<group>";
		};
		30181D00211DB8B20067D65F /* Teams */ = {
			isa = PBXGroup;
			children = (
				30181D07211DBA1B0067D65F /* TabTeamsVC.swift */,
				3083AEA721466C5C00F9B4B2 /* ClubCategoryVC.swift */,
				3083AEA921466C7400F9B4B2 /* ClubGroupVC.swift */,
				3083AEAB21466C8500F9B4B2 /* ClubClubsVC.swift */,
			);
			path = Teams;
			sourceTree = "<group>";
		};
		30181D01211DB8B70067D65F /* AgeCategories */ = {
			isa = PBXGroup;
			children = (
				30181D09211DBA3E0067D65F /* TabAgeCategoriesVC.swift */,
				30FB311C213550C600ABA22A /* AgeCategoriesGroupsVC.swift */,
				30FB311E2135523B00ABA22A /* AgeCategoriesGroupsSummaryVC.swift */,
				307949E521394C6800DE23A3 /* GroupDetailsVC.swift */,
				3086BC8B213D4FA600810CC8 /* MatchInfoVC.swift */,
				3086BC8D213D503A00810CC8 /* VenueVC.swift */,
			);
			path = AgeCategories;
			sourceTree = "<group>";
		};
		30181D02211DB8C20067D65F /* Settings */ = {
			isa = PBXGroup;
			children = (
				30181D0B211DBA900067D65F /* TabSettingsVC.swift */,
				305693FD212BEABC009790BA /* ProfileVC.swift */,
				305693FF212BEACC009790BA /* NotificationAndSoundVC.swift */,
				30569401212BEADC009790BA /* PrivacyAndTermsVC.swift */,
			);
			path = Settings;
			sourceTree = "<group>";
		};
		30181D242121A91A0067D65F /* Login */ = {
			isa = PBXGroup;
			children = (
				30181D1C2121A8AB0067D65F /* ForgotPasswordVC.swift */,
				30181D1E2121A8BC0067D65F /* CreateAccountVC.swift */,
				30181D202121A8DD0067D65F /* LoginVC.swift */,
				30181D222121A8EA0067D65F /* LandingVC.swift */,
			);
			path = Login;
			sourceTree = "<group>";
		};
		30181D71212AB81A0067D65F /* Model */ = {
			isa = PBXGroup;
			children = (
				30181D76212AB9CE0067D65F /* UserData.swift */,
				30FB3116212FEA4B00ABA22A /* Tournament.swift */,
				307949DE2137F78100DE23A3 /* TeamFixture.swift */,
				3086BC83213D344A00810CC8 /* GroupStanding.swift */,
			);
			path = Model;
			sourceTree = "<group>";
		};
/* End PBXGroup section */

/* Begin PBXNativeTarget section */
		30181CBF211D95B60067D65F /* ESR */ = {
			isa = PBXNativeTarget;
			buildConfigurationList = 30181CD2211D95B80067D65F /* Build configuration list for PBXNativeTarget "ESR" */;
			buildPhases = (
				79101FD271C8B392453E283B /* [CP] Check Pods Manifest.lock */,
				30181CBC211D95B60067D65F /* Sources */,
				30181CBD211D95B60067D65F /* Frameworks */,
				30181CBE211D95B60067D65F /* Resources */,
				E184932913DBD4CF5F1782B9 /* [CP] Embed Pods Frameworks */,
				8DDD2405622A3070AC5D289A /* [CP] Copy Pods Resources */,
			);
			buildRules = (
			);
			dependencies = (
			);
			name = ESR;
			productName = ESR;
			productReference = 30181CC0211D95B60067D65F /* ESR.app */;
			productType = "com.apple.product-type.application";
		};
/* End PBXNativeTarget section */

/* Begin PBXProject section */
		30181CB8211D95B60067D65F /* Project object */ = {
			isa = PBXProject;
			attributes = {
				LastSwiftUpdateCheck = 0930;
				LastUpgradeCheck = 0930;
				TargetAttributes = {
					30181CBF211D95B60067D65F = {
						CreatedOnToolsVersion = 9.3;
						SystemCapabilities = {
							com.apple.BackgroundModes = {
								enabled = 1;
							};
							com.apple.Maps.iOS = {
								enabled = 0;
							};
							com.apple.Push = {
								enabled = 1;
							};
						};
					};
				};
			};
			buildConfigurationList = 30181CBB211D95B60067D65F /* Build configuration list for PBXProject "ESR" */;
			compatibilityVersion = "Xcode 9.3";
			developmentRegion = en;
			hasScannedForEncodings = 0;
			knownRegions = (
				en,
				Base,
			);
			mainGroup = 30181CB7211D95B60067D65F;
			productRefGroup = 30181CC1211D95B60067D65F /* Products */;
			projectDirPath = "";
			projectRoot = "";
			targets = (
				30181CBF211D95B60067D65F /* ESR */,
			);
		};
/* End PBXProject section */

/* Begin PBXResourcesBuildPhase section */
		30181CBE211D95B60067D65F /* Resources */ = {
			isa = PBXResourcesBuildPhase;
			buildActionMask = 2147483647;
			files = (
				30181D1721219F5B0067D65F /* Teams.storyboard in Resources */,
				30181D81212AF0590067D65F /* SettingsList.plist in Resources */,
				30181D622126D6930067D65F /* Production.plist in Resources */,
				30181D1121219EA00067D65F /* Favourites.storyboard in Resources */,
				30181D282122A8FB0067D65F /* TitleNavigationBar.xib in Resources */,
				3086BC92213EB09F00810CC8 /* VenueFieldList.plist in Resources */,
				306893F6214A813900BA543F /* TournamentClubCell.xib in Resources */,
				30181D7C212AD07C0067D65F /* CustomAlertViewTwoButton.xib in Resources */,
				307949EE21395AB200DE23A3 /* GroupDetailsCell.xib in Resources */,
				30181CCE211D95B80067D65F /* LaunchScreen.storyboard in Resources */,
				30FB311B21353CA000ABA22A /* AgeCategoryCell.xib in Resources */,
				30181D1921219F780067D65F /* Settings.storyboard in Resources */,
				30FB3115212EEB0B00ABA22A /* FavouriteTournamentCell.xib in Resources */,
				30181D1B2121A1B00067D65F /* Localizable.strings in Resources */,
				30FB3111212EB2B300ABA22A /* privacyContent.html in Resources */,
				30181CCB211D95B80067D65F /* Assets.xcassets in Resources */,
				30181D5C2126CF9C0067D65F /* Dev.xcconfig in Resources */,
				30181D6B2126F4060067D65F /* PickerHandlerView.xib in Resources */,
				30FB312321357A0800ABA22A /* GroupSummaryStandingsHeader.xib in Resources */,
				30181CC9211D95B60067D65F /* Main.storyboard in Resources */,
				30569404212C0251009790BA /* ProfileList.plist in Resources */,
				30181D362122C6590067D65F /* CreateAccountFieldList.plist in Resources */,
				30181D3C21230ABF0067D65F /* TextFieldCell.xib in Resources */,
				30FB312F21366AA400ABA22A /* GroupSummaryStandingsCell.xib in Resources */,
				3086BC96213EB11A00810CC8 /* TwoLabelCell.xib in Resources */,
				30181D5E2126CFAF0067D65F /* Production.xcconfig in Resources */,
				30181D342122C0370067D65F /* LabelSelectionCell.xib in Resources */,
				30FB312B21366A6400ABA22A /* GroupSummaryMatchesCell.xib in Resources */,
				30181D40212312EC0067D65F /* ButtonCell.xib in Resources */,
				30181D5A2126CF830067D65F /* QA.xcconfig in Resources */,
				30181D4E212590EC0067D65F /* ImageNavigationBar.xib in Resources */,
				30181D6F212AA3400067D65F /* CustomAlertView.xib in Resources */,
				30181D612126D6930067D65F /* QA.plist in Resources */,
				30FB31272136660900ABA22A /* GroupSummaryMatchesHeader.xib in Resources */,
				3086BC87213D3DB800810CC8 /* AgeCategories.storyboard in Resources */,
				30181D1321219F1A0067D65F /* Tournament.storyboard in Resources */,
			);
			runOnlyForDeploymentPostprocessing = 0;
		};
/* End PBXResourcesBuildPhase section */

/* Begin PBXShellScriptBuildPhase section */
		79101FD271C8B392453E283B /* [CP] Check Pods Manifest.lock */ = {
			isa = PBXShellScriptBuildPhase;
			buildActionMask = 2147483647;
			files = (
			);
			inputPaths = (
				"${PODS_PODFILE_DIR_PATH}/Podfile.lock",
				"${PODS_ROOT}/Manifest.lock",
			);
			name = "[CP] Check Pods Manifest.lock";
			outputPaths = (
				"$(DERIVED_FILE_DIR)/Pods-ESR-checkManifestLockResult.txt",
			);
			runOnlyForDeploymentPostprocessing = 0;
			shellPath = /bin/sh;
			shellScript = "diff \"${PODS_PODFILE_DIR_PATH}/Podfile.lock\" \"${PODS_ROOT}/Manifest.lock\" > /dev/null\nif [ $? != 0 ] ; then\n    # print error to STDERR\n    echo \"error: The sandbox is not in sync with the Podfile.lock. Run 'pod install' or update your CocoaPods installation.\" >&2\n    exit 1\nfi\n# This output is used by Xcode 'outputs' to avoid re-running this script phase.\necho \"SUCCESS\" > \"${SCRIPT_OUTPUT_FILE_0}\"\n";
			showEnvVarsInLog = 0;
		};
		8DDD2405622A3070AC5D289A /* [CP] Copy Pods Resources */ = {
			isa = PBXShellScriptBuildPhase;
			buildActionMask = 2147483647;
			files = (
			);
			inputPaths = (
				"${SRCROOT}/Pods/Target Support Files/Pods-ESR/Pods-ESR-resources.sh",
				"${PODS_ROOT}/GoogleMaps/Maps/Frameworks/GoogleMaps.framework/Resources/GoogleMaps.bundle",
			);
			name = "[CP] Copy Pods Resources";
			outputPaths = (
				"${TARGET_BUILD_DIR}/${UNLOCALIZED_RESOURCES_FOLDER_PATH}/GoogleMaps.bundle",
			);
			runOnlyForDeploymentPostprocessing = 0;
			shellPath = /bin/sh;
			shellScript = "\"${SRCROOT}/Pods/Target Support Files/Pods-ESR/Pods-ESR-resources.sh\"\n";
			showEnvVarsInLog = 0;
		};
		E184932913DBD4CF5F1782B9 /* [CP] Embed Pods Frameworks */ = {
			isa = PBXShellScriptBuildPhase;
			buildActionMask = 2147483647;
			files = (
			);
			inputPaths = (
				"${SRCROOT}/Pods/Target Support Files/Pods-ESR/Pods-ESR-frameworks.sh",
				"${BUILT_PRODUCTS_DIR}/Alamofire/Alamofire.framework",
				"${BUILT_PRODUCTS_DIR}/SDWebImage/SDWebImage.framework",
			);
			name = "[CP] Embed Pods Frameworks";
			outputPaths = (
				"${TARGET_BUILD_DIR}/${FRAMEWORKS_FOLDER_PATH}/Alamofire.framework",
				"${TARGET_BUILD_DIR}/${FRAMEWORKS_FOLDER_PATH}/SDWebImage.framework",
			);
			runOnlyForDeploymentPostprocessing = 0;
			shellPath = /bin/sh;
			shellScript = "\"${SRCROOT}/Pods/Target Support Files/Pods-ESR/Pods-ESR-frameworks.sh\"\n";
			showEnvVarsInLog = 0;
		};
/* End PBXShellScriptBuildPhase section */

/* Begin PBXSourcesBuildPhase section */
		30181CBC211D95B60067D65F /* Sources */ = {
			isa = PBXSourcesBuildPhase;
			buildActionMask = 2147483647;
			files = (
				30181D7D212AD07C0067D65F /* CustomAlertViewTwoButton.swift in Sources */,
				307949E621394C6800DE23A3 /* GroupDetailsVC.swift in Sources */,
				30FB311F2135523B00ABA22A /* AgeCategoriesGroupsSummaryVC.swift in Sources */,
				30FB311A21353CA000ABA22A /* AgeCategoryCell.swift in Sources */,
				30FB311D213550C600ABA22A /* AgeCategoriesGroupsVC.swift in Sources */,
				30181CDF211D9DFF0067D65F /* ApplicationData.swift in Sources */,
				30FB3121213579FE00ABA22A /* GroupSummaryStandingsHeader.swift in Sources */,
				30181D502126BB520067D65F /* ApiManager.swift in Sources */,
				30181D08211DBA1B0067D65F /* TabTeamsVC.swift in Sources */,
				30181CFA211DAFA80067D65F /* MainTabViewController.swift in Sources */,
				30FB312E21366AA400ABA22A /* GroupSummaryStandingsCell.swift in Sources */,
				30181D382122D1A00067D65F /* UITextFieldExtensions.swift in Sources */,
				30181D642126D7850067D65F /* Environments.swift in Sources */,
				3083AEAA21466C7400F9B4B2 /* ClubGroupVC.swift in Sources */,
				306893F5214A813900BA543F /* TournamentClubCell.swift in Sources */,
				30FB3114212EEB0B00ABA22A /* FavouriteTournamentCell.swift in Sources */,
				3086BC84213D344A00810CC8 /* GroupStanding.swift in Sources */,
				30569400212BEACC009790BA /* NotificationAndSoundVC.swift in Sources */,
				30181D662126EB460067D65F /* ProgressView.swift in Sources */,
				30181CD9211D98720067D65F /* SuperViewController.swift in Sources */,
				30181D6C2126F4060067D65F /* PickerHandlerView.swift in Sources */,
				30181CC4211D95B60067D65F /* AppDelegate.swift in Sources */,
				3086BC95213EB11A00810CC8 /* TwoLabelCell.swift in Sources */,
				30181CE6211DA1BF0067D65F /* TableCellOwner.swift in Sources */,
				30FB3125213665FE00ABA22A /* GroupSummaryMatchesHeader.swift in Sources */,
				305693FE212BEABC009790BA /* ProfileVC.swift in Sources */,
				30181D1F2121A8BC0067D65F /* CreateAccountVC.swift in Sources */,
				30181D1D2121A8AB0067D65F /* ForgotPasswordVC.swift in Sources */,
				30181D212121A8DD0067D65F /* LoginVC.swift in Sources */,
				30181CDD211D99F50067D65F /* AppConstantsList.swift in Sources */,
				307949DF2137F78100DE23A3 /* TeamFixture.swift in Sources */,
				3083AEAC21466C8500F9B4B2 /* ClubClubsVC.swift in Sources */,
				307949ED21395AB200DE23A3 /* GroupDetailsCell.swift in Sources */,
				30181D0C211DBA900067D65F /* TabSettingsVC.swift in Sources */,
				30181D79212ABB5A0067D65F /* ParseManger.swift in Sources */,
				30181D4C212590E30067D65F /* ImageNavigationBar.swift in Sources */,
				30181D3B21230ABF0067D65F /* TextFieldCell.swift in Sources */,
				30FB3117212FEA4B00ABA22A /* Tournament.swift in Sources */,
				30FB312A21366A6400ABA22A /* GroupSummaryMatchesCell.swift in Sources */,
				30181D232121A8EA0067D65F /* LandingVC.swift in Sources */,
				30181D3F212312EC0067D65F /* ButtonCell.swift in Sources */,
				30181D2A2122B0CB0067D65F /* TabTournamentVC.swift in Sources */,
				30181D682126EB830067D65F /* UIViewExtentions.swift in Sources */,
				3086BC90213E94B600810CC8 /* UIImageViewExtensions.swift in Sources */,
				30181D77212AB9CE0067D65F /* UserData.swift in Sources */,
				30181D332122C0370067D65F /* LabelSelectionCell.swift in Sources */,
				3086BC8E213D503A00810CC8 /* VenueVC.swift in Sources */,
				3083AEA821466C5C00F9B4B2 /* ClubCategoryVC.swift in Sources */,
				3086BC8C213D4FA600810CC8 /* MatchInfoVC.swift in Sources */,
				30181D2C2122B9B30067D65F /* UIViewControllerExtentions.swift in Sources */,
				30181D262122A8F10067D65F /* TitleNavigationBar.swift in Sources */,
				30181D04211DB9E70067D65F /* TabFavouritesVC.swift in Sources */,
				30181CFC211DB6E30067D65F /* StoryboardManager.swift in Sources */,
				30181D0A211DBA3E0067D65F /* TabAgeCategoriesVC.swift in Sources */,
				30181D4A212588340067D65F /* Reachability.swift in Sources */,
				30181D70212AA3400067D65F /* CustomAlertView.swift in Sources */,
				3086BC9A213FB54E00810CC8 /* MapVC.swift in Sources */,
				30181D42212558900067D65F /* Utils.swift in Sources */,
				30569402212BEADC009790BA /* PrivacyAndTermsVC.swift in Sources */,
			);
			runOnlyForDeploymentPostprocessing = 0;
		};
/* End PBXSourcesBuildPhase section */

/* Begin PBXVariantGroup section */
		30181CC7211D95B60067D65F /* Main.storyboard */ = {
			isa = PBXVariantGroup;
			children = (
				30181CC8211D95B60067D65F /* Base */,
			);
			name = Main.storyboard;
			sourceTree = "<group>";
		};
		30181CCC211D95B80067D65F /* LaunchScreen.storyboard */ = {
			isa = PBXVariantGroup;
			children = (
				30181CCD211D95B80067D65F /* Base */,
			);
			name = LaunchScreen.storyboard;
			sourceTree = "<group>";
		};
		3086BC89213D3DB800810CC8 /* AgeCategories.storyboard */ = {
			isa = PBXVariantGroup;
			children = (
				3086BC8A213D3DC400810CC8 /* Base */,
			);
			name = AgeCategories.storyboard;
			sourceTree = "<group>";
		};
/* End PBXVariantGroup section */

/* Begin XCBuildConfiguration section */
		30181CD0211D95B80067D65F /* Debug */ = {
			isa = XCBuildConfiguration;
			baseConfigurationReference = 30181D5B2126CF9C0067D65F /* Dev.xcconfig */;
			buildSettings = {
				ALWAYS_SEARCH_USER_PATHS = NO;
				CLANG_ANALYZER_LOCALIZABILITY_NONLOCALIZED = YES;
				CLANG_ANALYZER_NONNULL = YES;
				CLANG_ANALYZER_NUMBER_OBJECT_CONVERSION = YES_AGGRESSIVE;
				CLANG_CXX_LANGUAGE_STANDARD = "gnu++14";
				CLANG_CXX_LIBRARY = "libc++";
				CLANG_ENABLE_MODULES = YES;
				CLANG_ENABLE_OBJC_ARC = YES;
				CLANG_ENABLE_OBJC_WEAK = YES;
				CLANG_WARN_BLOCK_CAPTURE_AUTORELEASING = YES;
				CLANG_WARN_BOOL_CONVERSION = YES;
				CLANG_WARN_COMMA = YES;
				CLANG_WARN_CONSTANT_CONVERSION = YES;
				CLANG_WARN_DEPRECATED_OBJC_IMPLEMENTATIONS = YES;
				CLANG_WARN_DIRECT_OBJC_ISA_USAGE = YES_ERROR;
				CLANG_WARN_DOCUMENTATION_COMMENTS = YES;
				CLANG_WARN_EMPTY_BODY = YES;
				CLANG_WARN_ENUM_CONVERSION = YES;
				CLANG_WARN_INFINITE_RECURSION = YES;
				CLANG_WARN_INT_CONVERSION = YES;
				CLANG_WARN_NON_LITERAL_NULL_CONVERSION = YES;
				CLANG_WARN_OBJC_IMPLICIT_RETAIN_SELF = YES;
				CLANG_WARN_OBJC_LITERAL_CONVERSION = YES;
				CLANG_WARN_OBJC_ROOT_CLASS = YES_ERROR;
				CLANG_WARN_RANGE_LOOP_ANALYSIS = YES;
				CLANG_WARN_STRICT_PROTOTYPES = YES;
				CLANG_WARN_SUSPICIOUS_MOVE = YES;
				CLANG_WARN_UNGUARDED_AVAILABILITY = YES_AGGRESSIVE;
				CLANG_WARN_UNREACHABLE_CODE = YES;
				CLANG_WARN__DUPLICATE_METHOD_MATCH = YES;
				CODE_SIGN_IDENTITY = "iPhone Developer";
				COPY_PHASE_STRIP = NO;
				DEBUG_INFORMATION_FORMAT = dwarf;
				ENABLE_STRICT_OBJC_MSGSEND = YES;
				ENABLE_TESTABILITY = YES;
				GCC_C_LANGUAGE_STANDARD = gnu11;
				GCC_DYNAMIC_NO_PIC = NO;
				GCC_NO_COMMON_BLOCKS = YES;
				GCC_OPTIMIZATION_LEVEL = 0;
				GCC_PREPROCESSOR_DEFINITIONS = (
					"DEBUG=1",
					"$(inherited)",
				);
				GCC_WARN_64_TO_32_BIT_CONVERSION = YES;
				GCC_WARN_ABOUT_RETURN_TYPE = YES_ERROR;
				GCC_WARN_UNDECLARED_SELECTOR = YES;
				GCC_WARN_UNINITIALIZED_AUTOS = YES_AGGRESSIVE;
				GCC_WARN_UNUSED_FUNCTION = YES;
				GCC_WARN_UNUSED_VARIABLE = YES;
				IPHONEOS_DEPLOYMENT_TARGET = 10.2;
				MTL_ENABLE_DEBUG_INFO = YES;
				ONLY_ACTIVE_ARCH = YES;
				SDKROOT = iphoneos;
				SWIFT_ACTIVE_COMPILATION_CONDITIONS = DEBUG;
				SWIFT_OPTIMIZATION_LEVEL = "-Onone";
			};
			name = Debug;
		};
		30181CD1211D95B80067D65F /* Release */ = {
			isa = XCBuildConfiguration;
			buildSettings = {
				ALWAYS_SEARCH_USER_PATHS = NO;
				CLANG_ANALYZER_LOCALIZABILITY_NONLOCALIZED = YES;
				CLANG_ANALYZER_NONNULL = YES;
				CLANG_ANALYZER_NUMBER_OBJECT_CONVERSION = YES_AGGRESSIVE;
				CLANG_CXX_LANGUAGE_STANDARD = "gnu++14";
				CLANG_CXX_LIBRARY = "libc++";
				CLANG_ENABLE_MODULES = YES;
				CLANG_ENABLE_OBJC_ARC = YES;
				CLANG_ENABLE_OBJC_WEAK = YES;
				CLANG_WARN_BLOCK_CAPTURE_AUTORELEASING = YES;
				CLANG_WARN_BOOL_CONVERSION = YES;
				CLANG_WARN_COMMA = YES;
				CLANG_WARN_CONSTANT_CONVERSION = YES;
				CLANG_WARN_DEPRECATED_OBJC_IMPLEMENTATIONS = YES;
				CLANG_WARN_DIRECT_OBJC_ISA_USAGE = YES_ERROR;
				CLANG_WARN_DOCUMENTATION_COMMENTS = YES;
				CLANG_WARN_EMPTY_BODY = YES;
				CLANG_WARN_ENUM_CONVERSION = YES;
				CLANG_WARN_INFINITE_RECURSION = YES;
				CLANG_WARN_INT_CONVERSION = YES;
				CLANG_WARN_NON_LITERAL_NULL_CONVERSION = YES;
				CLANG_WARN_OBJC_IMPLICIT_RETAIN_SELF = YES;
				CLANG_WARN_OBJC_LITERAL_CONVERSION = YES;
				CLANG_WARN_OBJC_ROOT_CLASS = YES_ERROR;
				CLANG_WARN_RANGE_LOOP_ANALYSIS = YES;
				CLANG_WARN_STRICT_PROTOTYPES = YES;
				CLANG_WARN_SUSPICIOUS_MOVE = YES;
				CLANG_WARN_UNGUARDED_AVAILABILITY = YES_AGGRESSIVE;
				CLANG_WARN_UNREACHABLE_CODE = YES;
				CLANG_WARN__DUPLICATE_METHOD_MATCH = YES;
				CODE_SIGN_IDENTITY = "iPhone Developer";
				COPY_PHASE_STRIP = NO;
				DEBUG_INFORMATION_FORMAT = "dwarf-with-dsym";
				ENABLE_NS_ASSERTIONS = NO;
				ENABLE_STRICT_OBJC_MSGSEND = YES;
				GCC_C_LANGUAGE_STANDARD = gnu11;
				GCC_NO_COMMON_BLOCKS = YES;
				GCC_WARN_64_TO_32_BIT_CONVERSION = YES;
				GCC_WARN_ABOUT_RETURN_TYPE = YES_ERROR;
				GCC_WARN_UNDECLARED_SELECTOR = YES;
				GCC_WARN_UNINITIALIZED_AUTOS = YES_AGGRESSIVE;
				GCC_WARN_UNUSED_FUNCTION = YES;
				GCC_WARN_UNUSED_VARIABLE = YES;
				IPHONEOS_DEPLOYMENT_TARGET = 10.2;
				MTL_ENABLE_DEBUG_INFO = NO;
				SDKROOT = iphoneos;
				SWIFT_COMPILATION_MODE = wholemodule;
				SWIFT_OPTIMIZATION_LEVEL = "-O";
				VALIDATE_PRODUCT = YES;
			};
			name = Release;
		};
		30181CD3211D95B80067D65F /* Debug */ = {
			isa = XCBuildConfiguration;
			baseConfigurationReference = 30181D5B2126CF9C0067D65F /* Dev.xcconfig */;
			buildSettings = {
				ASSETCATALOG_COMPILER_APPICON_NAME = AppIcon;
				CODE_SIGN_ENTITLEMENTS = ESR/ESR.entitlements;
				CODE_SIGN_STYLE = Manual;
				DEVELOPMENT_TEAM = BSDM4Q267C;
				INFOPLIST_FILE = ESR/Info.plist;
				IPHONEOS_DEPLOYMENT_TARGET = 10.2;
				LD_RUNPATH_SEARCH_PATHS = (
					"$(inherited)",
					"@executable_path/Frameworks",
				);
				PRODUCT_BUNDLE_IDENTIFIER = com.aecordigital.eurosporting;
				PRODUCT_NAME = "$(TARGET_NAME)";
				PROVISIONING_PROFILE = "8719cb16-b9f3-429a-955b-82a6a72ef75c";
				PROVISIONING_PROFILE_SPECIFIER = DEV_ESR_27_sept_2018;
				SWIFT_VERSION = 4.0;
				TARGETED_DEVICE_FAMILY = 1;
			};
			name = Debug;
		};
		30181CD4211D95B80067D65F /* Release */ = {
			isa = XCBuildConfiguration;
			baseConfigurationReference = 9BD23A70543185FD0C23E807 /* Pods-ESR.release.xcconfig */;
			buildSettings = {
				ASSETCATALOG_COMPILER_APPICON_NAME = AppIcon;
				CODE_SIGN_ENTITLEMENTS = ESR/ESR.entitlements;
				CODE_SIGN_IDENTITY = "iPhone Distribution";
				CODE_SIGN_STYLE = Manual;
				DEVELOPMENT_TEAM = BSDM4Q267C;
				INFOPLIST_FILE = ESR/Info.plist;
				IPHONEOS_DEPLOYMENT_TARGET = 10.2;
				LD_RUNPATH_SEARCH_PATHS = (
					"$(inherited)",
					"@executable_path/Frameworks",
				);
				PRODUCT_BUNDLE_IDENTIFIER = com.aecordigital.eurosporting;
				PRODUCT_NAME = "$(TARGET_NAME)";
				PROVISIONING_PROFILE = "f8410482-c1dd-44d0-82eb-2df1a5be5955";
				PROVISIONING_PROFILE_SPECIFIER = ADHOC_ESR_27_sept_2018;
				SWIFT_VERSION = 4.0;
				TARGETED_DEVICE_FAMILY = 1;
			};
			name = Release;
		};
		30181D512126CEED0067D65F /* Debug ( QA ) */ = {
			isa = XCBuildConfiguration;
			baseConfigurationReference = 30181D592126CF830067D65F /* QA.xcconfig */;
			buildSettings = {
				ALWAYS_SEARCH_USER_PATHS = NO;
				CLANG_ANALYZER_LOCALIZABILITY_NONLOCALIZED = YES;
				CLANG_ANALYZER_NONNULL = YES;
				CLANG_ANALYZER_NUMBER_OBJECT_CONVERSION = YES_AGGRESSIVE;
				CLANG_CXX_LANGUAGE_STANDARD = "gnu++14";
				CLANG_CXX_LIBRARY = "libc++";
				CLANG_ENABLE_MODULES = YES;
				CLANG_ENABLE_OBJC_ARC = YES;
				CLANG_ENABLE_OBJC_WEAK = YES;
				CLANG_WARN_BLOCK_CAPTURE_AUTORELEASING = YES;
				CLANG_WARN_BOOL_CONVERSION = YES;
				CLANG_WARN_COMMA = YES;
				CLANG_WARN_CONSTANT_CONVERSION = YES;
				CLANG_WARN_DEPRECATED_OBJC_IMPLEMENTATIONS = YES;
				CLANG_WARN_DIRECT_OBJC_ISA_USAGE = YES_ERROR;
				CLANG_WARN_DOCUMENTATION_COMMENTS = YES;
				CLANG_WARN_EMPTY_BODY = YES;
				CLANG_WARN_ENUM_CONVERSION = YES;
				CLANG_WARN_INFINITE_RECURSION = YES;
				CLANG_WARN_INT_CONVERSION = YES;
				CLANG_WARN_NON_LITERAL_NULL_CONVERSION = YES;
				CLANG_WARN_OBJC_IMPLICIT_RETAIN_SELF = YES;
				CLANG_WARN_OBJC_LITERAL_CONVERSION = YES;
				CLANG_WARN_OBJC_ROOT_CLASS = YES_ERROR;
				CLANG_WARN_RANGE_LOOP_ANALYSIS = YES;
				CLANG_WARN_STRICT_PROTOTYPES = YES;
				CLANG_WARN_SUSPICIOUS_MOVE = YES;
				CLANG_WARN_UNGUARDED_AVAILABILITY = YES_AGGRESSIVE;
				CLANG_WARN_UNREACHABLE_CODE = YES;
				CLANG_WARN__DUPLICATE_METHOD_MATCH = YES;
				CODE_SIGN_IDENTITY = "iPhone Developer";
				COPY_PHASE_STRIP = NO;
				DEBUG_INFORMATION_FORMAT = dwarf;
				ENABLE_STRICT_OBJC_MSGSEND = YES;
				ENABLE_TESTABILITY = YES;
				GCC_C_LANGUAGE_STANDARD = gnu11;
				GCC_DYNAMIC_NO_PIC = NO;
				GCC_NO_COMMON_BLOCKS = YES;
				GCC_OPTIMIZATION_LEVEL = 0;
				GCC_PREPROCESSOR_DEFINITIONS = (
					"DEBUG=1",
					"$(inherited)",
				);
				GCC_WARN_64_TO_32_BIT_CONVERSION = YES;
				GCC_WARN_ABOUT_RETURN_TYPE = YES_ERROR;
				GCC_WARN_UNDECLARED_SELECTOR = YES;
				GCC_WARN_UNINITIALIZED_AUTOS = YES_AGGRESSIVE;
				GCC_WARN_UNUSED_FUNCTION = YES;
				GCC_WARN_UNUSED_VARIABLE = YES;
				IPHONEOS_DEPLOYMENT_TARGET = 10.2;
				MTL_ENABLE_DEBUG_INFO = YES;
				ONLY_ACTIVE_ARCH = YES;
				SDKROOT = iphoneos;
				SWIFT_ACTIVE_COMPILATION_CONDITIONS = DEBUG;
				SWIFT_OPTIMIZATION_LEVEL = "-Onone";
			};
			name = "Debug ( QA )";
		};
		30181D522126CEED0067D65F /* Debug ( QA ) */ = {
			isa = XCBuildConfiguration;
			baseConfigurationReference = 30181D592126CF830067D65F /* QA.xcconfig */;
			buildSettings = {
				ASSETCATALOG_COMPILER_APPICON_NAME = AppIcon;
				CODE_SIGN_ENTITLEMENTS = ESR/ESR.entitlements;
				CODE_SIGN_STYLE = Manual;
				DEVELOPMENT_TEAM = BSDM4Q267C;
				INFOPLIST_FILE = ESR/Info.plist;
				IPHONEOS_DEPLOYMENT_TARGET = 10.2;
				LD_RUNPATH_SEARCH_PATHS = (
					"$(inherited)",
					"@executable_path/Frameworks",
				);
				PRODUCT_BUNDLE_IDENTIFIER = com.aecordigital.eurosporting;
				PRODUCT_NAME = "$(TARGET_NAME)";
				PROVISIONING_PROFILE = "8719cb16-b9f3-429a-955b-82a6a72ef75c";
				PROVISIONING_PROFILE_SPECIFIER = DEV_ESR_27_sept_2018;
				SWIFT_VERSION = 4.0;
				TARGETED_DEVICE_FAMILY = 1;
			};
			name = "Debug ( QA )";
		};
		30181D532126CEF70067D65F /* Debug ( Production ) */ = {
			isa = XCBuildConfiguration;
			baseConfigurationReference = 30181D5D2126CFAF0067D65F /* Production.xcconfig */;
			buildSettings = {
				ALWAYS_SEARCH_USER_PATHS = NO;
				CLANG_ANALYZER_LOCALIZABILITY_NONLOCALIZED = YES;
				CLANG_ANALYZER_NONNULL = YES;
				CLANG_ANALYZER_NUMBER_OBJECT_CONVERSION = YES_AGGRESSIVE;
				CLANG_CXX_LANGUAGE_STANDARD = "gnu++14";
				CLANG_CXX_LIBRARY = "libc++";
				CLANG_ENABLE_MODULES = YES;
				CLANG_ENABLE_OBJC_ARC = YES;
				CLANG_ENABLE_OBJC_WEAK = YES;
				CLANG_WARN_BLOCK_CAPTURE_AUTORELEASING = YES;
				CLANG_WARN_BOOL_CONVERSION = YES;
				CLANG_WARN_COMMA = YES;
				CLANG_WARN_CONSTANT_CONVERSION = YES;
				CLANG_WARN_DEPRECATED_OBJC_IMPLEMENTATIONS = YES;
				CLANG_WARN_DIRECT_OBJC_ISA_USAGE = YES_ERROR;
				CLANG_WARN_DOCUMENTATION_COMMENTS = YES;
				CLANG_WARN_EMPTY_BODY = YES;
				CLANG_WARN_ENUM_CONVERSION = YES;
				CLANG_WARN_INFINITE_RECURSION = YES;
				CLANG_WARN_INT_CONVERSION = YES;
				CLANG_WARN_NON_LITERAL_NULL_CONVERSION = YES;
				CLANG_WARN_OBJC_IMPLICIT_RETAIN_SELF = YES;
				CLANG_WARN_OBJC_LITERAL_CONVERSION = YES;
				CLANG_WARN_OBJC_ROOT_CLASS = YES_ERROR;
				CLANG_WARN_RANGE_LOOP_ANALYSIS = YES;
				CLANG_WARN_STRICT_PROTOTYPES = YES;
				CLANG_WARN_SUSPICIOUS_MOVE = YES;
				CLANG_WARN_UNGUARDED_AVAILABILITY = YES_AGGRESSIVE;
				CLANG_WARN_UNREACHABLE_CODE = YES;
				CLANG_WARN__DUPLICATE_METHOD_MATCH = YES;
				CODE_SIGN_IDENTITY = "iPhone Developer";
				COPY_PHASE_STRIP = NO;
				DEBUG_INFORMATION_FORMAT = dwarf;
				ENABLE_STRICT_OBJC_MSGSEND = YES;
				ENABLE_TESTABILITY = YES;
				GCC_C_LANGUAGE_STANDARD = gnu11;
				GCC_DYNAMIC_NO_PIC = NO;
				GCC_NO_COMMON_BLOCKS = YES;
				GCC_OPTIMIZATION_LEVEL = 0;
				GCC_PREPROCESSOR_DEFINITIONS = (
					"DEBUG=1",
					"$(inherited)",
				);
				GCC_WARN_64_TO_32_BIT_CONVERSION = YES;
				GCC_WARN_ABOUT_RETURN_TYPE = YES_ERROR;
				GCC_WARN_UNDECLARED_SELECTOR = YES;
				GCC_WARN_UNINITIALIZED_AUTOS = YES_AGGRESSIVE;
				GCC_WARN_UNUSED_FUNCTION = YES;
				GCC_WARN_UNUSED_VARIABLE = YES;
				IPHONEOS_DEPLOYMENT_TARGET = 10.2;
				MTL_ENABLE_DEBUG_INFO = YES;
				ONLY_ACTIVE_ARCH = YES;
				SDKROOT = iphoneos;
				SWIFT_ACTIVE_COMPILATION_CONDITIONS = DEBUG;
				SWIFT_OPTIMIZATION_LEVEL = "-Onone";
			};
			name = "Debug ( Production )";
		};
		30181D542126CEF70067D65F /* Debug ( Production ) */ = {
			isa = XCBuildConfiguration;
			baseConfigurationReference = 30181D5D2126CFAF0067D65F /* Production.xcconfig */;
			buildSettings = {
				ASSETCATALOG_COMPILER_APPICON_NAME = AppIcon;
				CODE_SIGN_ENTITLEMENTS = ESR/ESR.entitlements;
				CODE_SIGN_STYLE = Manual;
				DEVELOPMENT_TEAM = BSDM4Q267C;
				INFOPLIST_FILE = ESR/Info.plist;
				IPHONEOS_DEPLOYMENT_TARGET = 10.2;
				LD_RUNPATH_SEARCH_PATHS = (
					"$(inherited)",
					"@executable_path/Frameworks",
				);
				PRODUCT_BUNDLE_IDENTIFIER = com.aecordigital.eurosporting;
				PRODUCT_NAME = "$(TARGET_NAME)";
				PROVISIONING_PROFILE = "8719cb16-b9f3-429a-955b-82a6a72ef75c";
				PROVISIONING_PROFILE_SPECIFIER = DEV_ESR_27_sept_2018;
				SWIFT_VERSION = 4.0;
				TARGETED_DEVICE_FAMILY = 1;
			};
			name = "Debug ( Production )";
		};
		30181D552126CF0C0067D65F /* Release ( QA ) */ = {
			isa = XCBuildConfiguration;
			buildSettings = {
				ALWAYS_SEARCH_USER_PATHS = NO;
				CLANG_ANALYZER_LOCALIZABILITY_NONLOCALIZED = YES;
				CLANG_ANALYZER_NONNULL = YES;
				CLANG_ANALYZER_NUMBER_OBJECT_CONVERSION = YES_AGGRESSIVE;
				CLANG_CXX_LANGUAGE_STANDARD = "gnu++14";
				CLANG_CXX_LIBRARY = "libc++";
				CLANG_ENABLE_MODULES = YES;
				CLANG_ENABLE_OBJC_ARC = YES;
				CLANG_ENABLE_OBJC_WEAK = YES;
				CLANG_WARN_BLOCK_CAPTURE_AUTORELEASING = YES;
				CLANG_WARN_BOOL_CONVERSION = YES;
				CLANG_WARN_COMMA = YES;
				CLANG_WARN_CONSTANT_CONVERSION = YES;
				CLANG_WARN_DEPRECATED_OBJC_IMPLEMENTATIONS = YES;
				CLANG_WARN_DIRECT_OBJC_ISA_USAGE = YES_ERROR;
				CLANG_WARN_DOCUMENTATION_COMMENTS = YES;
				CLANG_WARN_EMPTY_BODY = YES;
				CLANG_WARN_ENUM_CONVERSION = YES;
				CLANG_WARN_INFINITE_RECURSION = YES;
				CLANG_WARN_INT_CONVERSION = YES;
				CLANG_WARN_NON_LITERAL_NULL_CONVERSION = YES;
				CLANG_WARN_OBJC_IMPLICIT_RETAIN_SELF = YES;
				CLANG_WARN_OBJC_LITERAL_CONVERSION = YES;
				CLANG_WARN_OBJC_ROOT_CLASS = YES_ERROR;
				CLANG_WARN_RANGE_LOOP_ANALYSIS = YES;
				CLANG_WARN_STRICT_PROTOTYPES = YES;
				CLANG_WARN_SUSPICIOUS_MOVE = YES;
				CLANG_WARN_UNGUARDED_AVAILABILITY = YES_AGGRESSIVE;
				CLANG_WARN_UNREACHABLE_CODE = YES;
				CLANG_WARN__DUPLICATE_METHOD_MATCH = YES;
				CODE_SIGN_IDENTITY = "iPhone Developer";
				COPY_PHASE_STRIP = NO;
				DEBUG_INFORMATION_FORMAT = "dwarf-with-dsym";
				ENABLE_NS_ASSERTIONS = NO;
				ENABLE_STRICT_OBJC_MSGSEND = YES;
				GCC_C_LANGUAGE_STANDARD = gnu11;
				GCC_NO_COMMON_BLOCKS = YES;
				GCC_WARN_64_TO_32_BIT_CONVERSION = YES;
				GCC_WARN_ABOUT_RETURN_TYPE = YES_ERROR;
				GCC_WARN_UNDECLARED_SELECTOR = YES;
				GCC_WARN_UNINITIALIZED_AUTOS = YES_AGGRESSIVE;
				GCC_WARN_UNUSED_FUNCTION = YES;
				GCC_WARN_UNUSED_VARIABLE = YES;
				IPHONEOS_DEPLOYMENT_TARGET = 10.2;
				MTL_ENABLE_DEBUG_INFO = NO;
				SDKROOT = iphoneos;
				SWIFT_COMPILATION_MODE = wholemodule;
				SWIFT_OPTIMIZATION_LEVEL = "-O";
				VALIDATE_PRODUCT = YES;
			};
			name = "Release ( QA )";
		};
		30181D562126CF0C0067D65F /* Release ( QA ) */ = {
			isa = XCBuildConfiguration;
			baseConfigurationReference = C883A75926EF01AE85CE5AFF /* Pods-ESR.release ( qa ).xcconfig */;
			buildSettings = {
				ASSETCATALOG_COMPILER_APPICON_NAME = AppIcon;
				CODE_SIGN_ENTITLEMENTS = ESR/ESR.entitlements;
				CODE_SIGN_IDENTITY = "iPhone Distribution";
				CODE_SIGN_STYLE = Manual;
				DEVELOPMENT_TEAM = BSDM4Q267C;
				INFOPLIST_FILE = ESR/Info.plist;
				IPHONEOS_DEPLOYMENT_TARGET = 10.2;
				LD_RUNPATH_SEARCH_PATHS = (
					"$(inherited)",
					"@executable_path/Frameworks",
				);
				PRODUCT_BUNDLE_IDENTIFIER = com.aecordigital.eurosporting;
				PRODUCT_NAME = "$(TARGET_NAME)";
				PROVISIONING_PROFILE = "f8410482-c1dd-44d0-82eb-2df1a5be5955";
				PROVISIONING_PROFILE_SPECIFIER = ADHOC_ESR_27_sept_2018;
				SWIFT_VERSION = 4.0;
				TARGETED_DEVICE_FAMILY = 1;
			};
			name = "Release ( QA )";
		};
		30181D572126CF150067D65F /* Release ( Production ) */ = {
			isa = XCBuildConfiguration;
			buildSettings = {
				ALWAYS_SEARCH_USER_PATHS = NO;
				CLANG_ANALYZER_LOCALIZABILITY_NONLOCALIZED = YES;
				CLANG_ANALYZER_NONNULL = YES;
				CLANG_ANALYZER_NUMBER_OBJECT_CONVERSION = YES_AGGRESSIVE;
				CLANG_CXX_LANGUAGE_STANDARD = "gnu++14";
				CLANG_CXX_LIBRARY = "libc++";
				CLANG_ENABLE_MODULES = YES;
				CLANG_ENABLE_OBJC_ARC = YES;
				CLANG_ENABLE_OBJC_WEAK = YES;
				CLANG_WARN_BLOCK_CAPTURE_AUTORELEASING = YES;
				CLANG_WARN_BOOL_CONVERSION = YES;
				CLANG_WARN_COMMA = YES;
				CLANG_WARN_CONSTANT_CONVERSION = YES;
				CLANG_WARN_DEPRECATED_OBJC_IMPLEMENTATIONS = YES;
				CLANG_WARN_DIRECT_OBJC_ISA_USAGE = YES_ERROR;
				CLANG_WARN_DOCUMENTATION_COMMENTS = YES;
				CLANG_WARN_EMPTY_BODY = YES;
				CLANG_WARN_ENUM_CONVERSION = YES;
				CLANG_WARN_INFINITE_RECURSION = YES;
				CLANG_WARN_INT_CONVERSION = YES;
				CLANG_WARN_NON_LITERAL_NULL_CONVERSION = YES;
				CLANG_WARN_OBJC_IMPLICIT_RETAIN_SELF = YES;
				CLANG_WARN_OBJC_LITERAL_CONVERSION = YES;
				CLANG_WARN_OBJC_ROOT_CLASS = YES_ERROR;
				CLANG_WARN_RANGE_LOOP_ANALYSIS = YES;
				CLANG_WARN_STRICT_PROTOTYPES = YES;
				CLANG_WARN_SUSPICIOUS_MOVE = YES;
				CLANG_WARN_UNGUARDED_AVAILABILITY = YES_AGGRESSIVE;
				CLANG_WARN_UNREACHABLE_CODE = YES;
				CLANG_WARN__DUPLICATE_METHOD_MATCH = YES;
				CODE_SIGN_IDENTITY = "iPhone Developer";
				COPY_PHASE_STRIP = NO;
				DEBUG_INFORMATION_FORMAT = "dwarf-with-dsym";
				ENABLE_NS_ASSERTIONS = NO;
				ENABLE_STRICT_OBJC_MSGSEND = YES;
				GCC_C_LANGUAGE_STANDARD = gnu11;
				GCC_NO_COMMON_BLOCKS = YES;
				GCC_WARN_64_TO_32_BIT_CONVERSION = YES;
				GCC_WARN_ABOUT_RETURN_TYPE = YES_ERROR;
				GCC_WARN_UNDECLARED_SELECTOR = YES;
				GCC_WARN_UNINITIALIZED_AUTOS = YES_AGGRESSIVE;
				GCC_WARN_UNUSED_FUNCTION = YES;
				GCC_WARN_UNUSED_VARIABLE = YES;
				IPHONEOS_DEPLOYMENT_TARGET = 10.2;
				MTL_ENABLE_DEBUG_INFO = NO;
				SDKROOT = iphoneos;
				SWIFT_COMPILATION_MODE = wholemodule;
				SWIFT_OPTIMIZATION_LEVEL = "-O";
				VALIDATE_PRODUCT = YES;
			};
			name = "Release ( Production )";
		};
		30181D582126CF150067D65F /* Release ( Production ) */ = {
			isa = XCBuildConfiguration;
			baseConfigurationReference = 5669E6CBF27485D33013CE06 /* Pods-ESR.release ( production ).xcconfig */;
			buildSettings = {
				ASSETCATALOG_COMPILER_APPICON_NAME = AppIcon;
				CODE_SIGN_ENTITLEMENTS = ESR/ESR.entitlements;
				CODE_SIGN_IDENTITY = "iPhone Distribution";
				CODE_SIGN_STYLE = Manual;
				DEVELOPMENT_TEAM = BSDM4Q267C;
				INFOPLIST_FILE = ESR/Info.plist;
				IPHONEOS_DEPLOYMENT_TARGET = 10.2;
				LD_RUNPATH_SEARCH_PATHS = (
					"$(inherited)",
					"@executable_path/Frameworks",
				);
				PRODUCT_BUNDLE_IDENTIFIER = com.aecordigital.eurosporting;
				PRODUCT_NAME = "$(TARGET_NAME)";
				PROVISIONING_PROFILE = "f8410482-c1dd-44d0-82eb-2df1a5be5955";
				PROVISIONING_PROFILE_SPECIFIER = ADHOC_ESR_27_sept_2018;
				SWIFT_VERSION = 4.0;
				TARGETED_DEVICE_FAMILY = 1;
			};
			name = "Release ( Production )";
		};
/* End XCBuildConfiguration section */

/* Begin XCConfigurationList section */
		30181CBB211D95B60067D65F /* Build configuration list for PBXProject "ESR" */ = {
			isa = XCConfigurationList;
			buildConfigurations = (
				30181CD0211D95B80067D65F /* Debug */,
				30181D532126CEF70067D65F /* Debug ( Production ) */,
				30181D512126CEED0067D65F /* Debug ( QA ) */,
				30181CD1211D95B80067D65F /* Release */,
				30181D572126CF150067D65F /* Release ( Production ) */,
				30181D552126CF0C0067D65F /* Release ( QA ) */,
			);
			defaultConfigurationIsVisible = 0;
			defaultConfigurationName = Release;
		};
		30181CD2211D95B80067D65F /* Build configuration list for PBXNativeTarget "ESR" */ = {
			isa = XCConfigurationList;
			buildConfigurations = (
				30181CD3211D95B80067D65F /* Debug */,
				30181D542126CEF70067D65F /* Debug ( Production ) */,
				30181D522126CEED0067D65F /* Debug ( QA ) */,
				30181CD4211D95B80067D65F /* Release */,
				30181D582126CF150067D65F /* Release ( Production ) */,
				30181D562126CF0C0067D65F /* Release ( QA ) */,
			);
			defaultConfigurationIsVisible = 0;
			defaultConfigurationName = Release;
		};
/* End XCConfigurationList section */
	};
	rootObject = 30181CB8211D95B60067D65F /* Project object */;
}
